PODS:
  - Alamofire (4.8.2)
  - Moya/Core (13.0.0):
    - Alamofire (~> 4.1)
    - Result (~> 4.1)
  - Moya/RxSwift (13.0.0):
    - Moya/Core
    - RxSwift (~> 4.0)
  - Result (4.1.0)
  - RxBlocking (4.5.0):
    - RxSwift (>= 4.4.2, ~> 4.4)
  - RxCocoa (4.5.0):
    - RxSwift (>= 4.4.2, ~> 4.4)
  - RxSwift (4.5.0)
  - RxTest (4.5.0):
    - RxSwift (>= 4.4.2, ~> 4.4)
  - SwiftLint (0.31.0)
  - SwiftyJSON (5.0.0)

DEPENDENCIES:
  - Moya/RxSwift
  - RxBlocking
  - RxCocoa
  - RxSwift
  - RxTest
  - SwiftLint
  - SwiftyJSON

SPEC REPOS:
  https://github.com/cocoapods/specs.git:
    - Alamofire
    - Moya
    - Result
    - RxBlocking
    - RxCocoa
    - RxSwift
    - RxTest
    - SwiftLint
    - SwiftyJSON

SPEC CHECKSUMS:
  Alamofire: ae5c501addb7afdbb13687d7f2f722c78734c2d3
  Moya: 161263550064ff8a4948e8ff63137fd72a876292
  Result: bd966fac789cc6c1563440b348ab2598cc24d5c7
  RxBlocking: 79413e4d916f44bb3e113c5b2cc059e36fe58910
  RxCocoa: cbf70265dc65a981d4ac982e513c10cf23df24a0
  RxSwift: f172070dfd1a93d70a9ab97a5a01166206e1c575
  RxTest: 3ccb66bfbace0bf7df1c43a7c75d046f8ce60372
  SwiftLint: 7a0227733d786395817373b2d0ca799fd0093ff3
  SwiftyJSON: 36413e04c44ee145039d332b4f4e2d3e8d6c4db7

PODFILE CHECKSUM: 5772cd4c1859be15d5687f67e44a7ffb3fa07060

COCOAPODS: 1.6.1
