// !$*UTF8*$!
{
	archiveVersion = 1;
	classes = {
	};
	objectVersion = 50;
	objects = {

/* Begin PBXBuildFile section */
		2E0D848422A6E60200E4B0E7 /* NSLayoutConstraint+Priority.swift in Sources */ = {isa = PBXBuildFile; fileRef = 2E0D848322A6E60200E4B0E7 /* NSLayoutConstraint+Priority.swift */; };
		2E0D848622A6FA9C00E4B0E7 /* DebatesListViewModel.swift in Sources */ = {isa = PBXBuildFile; fileRef = 2E0D848522A6FA9C00E4B0E7 /* DebatesListViewModel.swift */; };
		2E0D848822A7054A00E4B0E7 /* UIFont+Custom.swift in Sources */ = {isa = PBXBuildFile; fileRef = 2E0D848722A7054A00E4B0E7 /* UIFont+Custom.swift */; };
		2E0D848A22A7057300E4B0E7 /* UIColor+Custom.swift in Sources */ = {isa = PBXBuildFile; fileRef = 2E0D848922A7057300E4B0E7 /* UIColor+Custom.swift */; };
		2E0D84A722A70F2600E4B0E7 /* Manrope-Semibold.otf in Resources */ = {isa = PBXBuildFile; fileRef = 2E0D849522A70F2600E4B0E7 /* Manrope-Semibold.otf */; };
		2E0D84A822A70F2600E4B0E7 /* Manrope-Light.otf in Resources */ = {isa = PBXBuildFile; fileRef = 2E0D849622A70F2600E4B0E7 /* Manrope-Light.otf */; };
		2E0D84AE22A70F2600E4B0E7 /* Manrope-Thin.otf in Resources */ = {isa = PBXBuildFile; fileRef = 2E0D849C22A70F2600E4B0E7 /* Manrope-Thin.otf */; };
		2E0D84B122A70F2600E4B0E7 /* Manrope-Regular.otf in Resources */ = {isa = PBXBuildFile; fileRef = 2E0D849F22A70F2600E4B0E7 /* Manrope-Regular.otf */; };
		2E0D84B222A70F2600E4B0E7 /* Manrope-Bold.otf in Resources */ = {isa = PBXBuildFile; fileRef = 2E0D84A022A70F2600E4B0E7 /* Manrope-Bold.otf */; };
		2E0D84B422A70F2600E4B0E7 /* Manrope-Medium.otf in Resources */ = {isa = PBXBuildFile; fileRef = 2E0D84A222A70F2600E4B0E7 /* Manrope-Medium.otf */; };
		2E0D84BA22A7952400E4B0E7 /* LoginOrRegisterViewController.swift in Sources */ = {isa = PBXBuildFile; fileRef = 2E0D84B922A7952400E4B0E7 /* LoginOrRegisterViewController.swift */; };
		2E0D84BC22A7952F00E4B0E7 /* LoginOrRegisterViewModel.swift in Sources */ = {isa = PBXBuildFile; fileRef = 2E0D84BB22A7952F00E4B0E7 /* LoginOrRegisterViewModel.swift */; };
		2E0D84BE22A7953A00E4B0E7 /* AccountViewController.swift in Sources */ = {isa = PBXBuildFile; fileRef = 2E0D84BD22A7953A00E4B0E7 /* AccountViewController.swift */; };
		2E0D84C022A7954300E4B0E7 /* AccountViewModel.swift in Sources */ = {isa = PBXBuildFile; fileRef = 2E0D84BF22A7954300E4B0E7 /* AccountViewModel.swift */; };
		2E23A6C3226AC7B300B2DCC3 /* AppDelegate.swift in Sources */ = {isa = PBXBuildFile; fileRef = 2E23A6C2226AC7B300B2DCC3 /* AppDelegate.swift */; };
		2E23A6C5226AC7B300B2DCC3 /* DebatesListViewController.swift in Sources */ = {isa = PBXBuildFile; fileRef = 2E23A6C4226AC7B300B2DCC3 /* DebatesListViewController.swift */; };
		2E23A6CB226AC7B300B2DCC3 /* PoliticalDebateApp_iOS.xcdatamodeld in Sources */ = {isa = PBXBuildFile; fileRef = 2E23A6C9226AC7B300B2DCC3 /* PoliticalDebateApp_iOS.xcdatamodeld */; };
		2E23A6CD226AC7B300B2DCC3 /* Assets.xcassets in Resources */ = {isa = PBXBuildFile; fileRef = 2E23A6CC226AC7B300B2DCC3 /* Assets.xcassets */; };
		2E23A6D0226AC7B300B2DCC3 /* LaunchScreen.storyboard in Resources */ = {isa = PBXBuildFile; fileRef = 2E23A6CE226AC7B300B2DCC3 /* LaunchScreen.storyboard */; };
		2E23A6DB226AC7B400B2DCC3 /* NetworkAPITests.swift in Sources */ = {isa = PBXBuildFile; fileRef = 2E23A6DA226AC7B400B2DCC3 /* NetworkAPITests.swift */; };
		2E23A6E6226AC7B400B2DCC3 /* PoliticalDebateApp_iOSUITests.swift in Sources */ = {isa = PBXBuildFile; fileRef = 2E23A6E5226AC7B400B2DCC3 /* PoliticalDebateApp_iOSUITests.swift */; };
		2E23A6F6226AC7D400B2DCC3 /* .swiftlint.yml in Resources */ = {isa = PBXBuildFile; fileRef = 2E23A6F3226AC7D400B2DCC3 /* .swiftlint.yml */; };
		2E23A6F7226AC7D400B2DCC3 /* .gitignore in Resources */ = {isa = PBXBuildFile; fileRef = 2E23A6F4226AC7D400B2DCC3 /* .gitignore */; };
		2E23A6F8226AC7D400B2DCC3 /* README.md in Resources */ = {isa = PBXBuildFile; fileRef = 2E23A6F5226AC7D400B2DCC3 /* README.md */; };
		2E23A702226ACE5600B2DCC3 /* Debate.swift in Sources */ = {isa = PBXBuildFile; fileRef = 2E23A701226ACE5600B2DCC3 /* Debate.swift */; };
		2E23A705226AD39200B2DCC3 /* DebateAPI.swift in Sources */ = {isa = PBXBuildFile; fileRef = 2E23A704226AD39200B2DCC3 /* DebateAPI.swift */; };
		2E23A708226ADA6200B2DCC3 /* NetworkService.swift in Sources */ = {isa = PBXBuildFile; fileRef = 2E23A707226ADA6200B2DCC3 /* NetworkService.swift */; };
		2E23A713226AE36600B2DCC3 /* Constants.swift in Sources */ = {isa = PBXBuildFile; fileRef = 2E23A712226AE36600B2DCC3 /* Constants.swift */; };
		2E287CBD22DC4A7B000A4CF2 /* BannerOnScreen.swift in Sources */ = {isa = PBXBuildFile; fileRef = 2E287CB922DC4A7A000A4CF2 /* BannerOnScreen.swift */; };
		2E287CBE22DC4A7B000A4CF2 /* NotificationBannerView.swift in Sources */ = {isa = PBXBuildFile; fileRef = 2E287CBA22DC4A7B000A4CF2 /* NotificationBannerView.swift */; };
		2E287CBF22DC4A7B000A4CF2 /* NotificationBannerViewModel.swift in Sources */ = {isa = PBXBuildFile; fileRef = 2E287CBB22DC4A7B000A4CF2 /* NotificationBannerViewModel.swift */; };
		2E287CC022DC4A7B000A4CF2 /* NotificationBannerQueue.swift in Sources */ = {isa = PBXBuildFile; fileRef = 2E287CBC22DC4A7B000A4CF2 /* NotificationBannerQueue.swift */; };
		2E2BB06222F2AA9D00ED02C0 /* EmailAndPasswordValidator.swift in Sources */ = {isa = PBXBuildFile; fileRef = 2E2BB06122F2AA9D00ED02C0 /* EmailAndPasswordValidator.swift */; };
		2E2BB06422F2C05C00ED02C0 /* ReactiveKeyboardProtocol.swift in Sources */ = {isa = PBXBuildFile; fileRef = 2E2BB06322F2C05C00ED02C0 /* ReactiveKeyboardProtocol.swift */; };
		2E2BB06622F2C95D00ED02C0 /* BasicUIElementFactory.swift in Sources */ = {isa = PBXBuildFile; fileRef = 2E2BB06522F2C95D00ED02C0 /* BasicUIElementFactory.swift */; };
		2E2BB06822F2D66800ED02C0 /* BackendErrorMessage.swift in Sources */ = {isa = PBXBuildFile; fileRef = 2E2BB06722F2D66800ED02C0 /* BackendErrorMessage.swift */; };
		2E30A8E522BF4587007E386A /* StarredCoreDataAPI.swift in Sources */ = {isa = PBXBuildFile; fileRef = 2E30A8E422BF4587007E386A /* StarredCoreDataAPI.swift */; };
		2E30A8E922BF4773007E386A /* SafelyShowAlert.swift in Sources */ = {isa = PBXBuildFile; fileRef = 2E30A8E822BF4773007E386A /* SafelyShowAlert.swift */; };
		2E30A8FC22BF4BED007E386A /* DebatesListViewModel.swift in Sources */ = {isa = PBXBuildFile; fileRef = 2E0D848522A6FA9C00E4B0E7 /* DebatesListViewModel.swift */; };
		2E30A8FD22BF4BED007E386A /* LoginOrRegisterViewModel.swift in Sources */ = {isa = PBXBuildFile; fileRef = 2E0D84BB22A7952F00E4B0E7 /* LoginOrRegisterViewModel.swift */; };
		2E30A8FE22BF4BED007E386A /* AccountViewModel.swift in Sources */ = {isa = PBXBuildFile; fileRef = 2E0D84BF22A7954300E4B0E7 /* AccountViewModel.swift */; };
		2E30A8FF22BF4BED007E386A /* DebatesListViewController.swift in Sources */ = {isa = PBXBuildFile; fileRef = 2E23A6C4226AC7B300B2DCC3 /* DebatesListViewController.swift */; };
		2E30A90022BF4BED007E386A /* LoginOrRegisterViewController.swift in Sources */ = {isa = PBXBuildFile; fileRef = 2E0D84B922A7952400E4B0E7 /* LoginOrRegisterViewController.swift */; };
		2E30A90122BF4BED007E386A /* AccountViewController.swift in Sources */ = {isa = PBXBuildFile; fileRef = 2E0D84BD22A7953A00E4B0E7 /* AccountViewController.swift */; };
		2E30A90222BF4BED007E386A /* Debate.swift in Sources */ = {isa = PBXBuildFile; fileRef = 2E23A701226ACE5600B2DCC3 /* Debate.swift */; };
		2E30A90322BF4BED007E386A /* TokenPair.swift in Sources */ = {isa = PBXBuildFile; fileRef = 2ED2FDA12290CC210093B6A7 /* TokenPair.swift */; };
		2E30A90422BF4BED007E386A /* Progress.swift in Sources */ = {isa = PBXBuildFile; fileRef = 2E36796422A4B278008190FE /* Progress.swift */; };
		2E30A90522BF4BED007E386A /* Starred.swift in Sources */ = {isa = PBXBuildFile; fileRef = 2E36796622A4B280008190FE /* Starred.swift */; };
		2E30A90622BF4BED007E386A /* SessionManager.swift in Sources */ = {isa = PBXBuildFile; fileRef = 2E967438226BD34E00821A73 /* SessionManager.swift */; };
		2E30A90722BF4BED007E386A /* UserDataManager.swift in Sources */ = {isa = PBXBuildFile; fileRef = 2E967441226BE91C00821A73 /* UserDataManager.swift */; };
		2E30A90922BF4BED007E386A /* NetworkService.swift in Sources */ = {isa = PBXBuildFile; fileRef = 2E23A707226ADA6200B2DCC3 /* NetworkService.swift */; };
		2E30A90A22BF4BED007E386A /* KeychainService.swift in Sources */ = {isa = PBXBuildFile; fileRef = 2E96743A226BDA8A00821A73 /* KeychainService.swift */; };
		2E30A90D22BF4BED007E386A /* StarredCoreDataAPI.swift in Sources */ = {isa = PBXBuildFile; fileRef = 2E30A8E422BF4587007E386A /* StarredCoreDataAPI.swift */; };
		2E30A90E22BF4BED007E386A /* DebateAPI.swift in Sources */ = {isa = PBXBuildFile; fileRef = 2E23A704226AD39200B2DCC3 /* DebateAPI.swift */; };
		2E30A90F22BF4BED007E386A /* DebateAPI+Testing.swift in Sources */ = {isa = PBXBuildFile; fileRef = 2E23A70A226ADD8100B2DCC3 /* DebateAPI+Testing.swift */; };
		2E30A91022BF4BED007E386A /* AuthAPI.swift in Sources */ = {isa = PBXBuildFile; fileRef = 2EA3D1A1228D35AC00019324 /* AuthAPI.swift */; };
		2E30A91122BF4BED007E386A /* AuthAPI+Testing.swift in Sources */ = {isa = PBXBuildFile; fileRef = 2EA3D1A3228D35C000019324 /* AuthAPI+Testing.swift */; };
		2E30A91222BF4BED007E386A /* ProgressAPI.swift in Sources */ = {isa = PBXBuildFile; fileRef = 2E69094622A4931100DF486A /* ProgressAPI.swift */; };
		2E30A91322BF4BED007E386A /* ProgressAPI+Testing.swift in Sources */ = {isa = PBXBuildFile; fileRef = 2E69094922A4931E00DF486A /* ProgressAPI+Testing.swift */; };
		2E30A91422BF4BED007E386A /* StarredAPI.swift in Sources */ = {isa = PBXBuildFile; fileRef = 2E69094C22A4932700DF486A /* StarredAPI.swift */; };
		2E30A91522BF4BED007E386A /* StarredAPI+Testing.swift in Sources */ = {isa = PBXBuildFile; fileRef = 2E69094F22A4933400DF486A /* StarredAPI+Testing.swift */; };
		2E30A91622BF4BED007E386A /* NSLayoutConstraint+Priority.swift in Sources */ = {isa = PBXBuildFile; fileRef = 2E0D848322A6E60200E4B0E7 /* NSLayoutConstraint+Priority.swift */; };
		2E30A91722BF4BED007E386A /* UIView+SafeAreaLayoutAnchor.swift in Sources */ = {isa = PBXBuildFile; fileRef = 2EC194BA22A6E54E006134F8 /* UIView+SafeAreaLayoutAnchor.swift */; };
		2E30A91822BF4BED007E386A /* UIViewController+SafeAreaLayoutAnchor.swift in Sources */ = {isa = PBXBuildFile; fileRef = 2EC194BB22A6E54F006134F8 /* UIViewController+SafeAreaLayoutAnchor.swift */; };
		2E30A91922BF4BED007E386A /* Constants.swift in Sources */ = {isa = PBXBuildFile; fileRef = 2E23A712226AE36600B2DCC3 /* Constants.swift */; };
		2E30A91A22BF4BED007E386A /* String+Date.swift in Sources */ = {isa = PBXBuildFile; fileRef = 2E5C5F42226B08220007BCAF /* String+Date.swift */; };
		2E30A91B22BF4BED007E386A /* PlainDjangoEncoding.swift in Sources */ = {isa = PBXBuildFile; fileRef = 2E5C5F44226B0DFD0007BCAF /* PlainDjangoEncoding.swift */; };
		2E30A91C22BF4BED007E386A /* UIFont+Custom.swift in Sources */ = {isa = PBXBuildFile; fileRef = 2E0D848722A7054A00E4B0E7 /* UIFont+Custom.swift */; };
		2E30A91D22BF4BED007E386A /* UIColor+Custom.swift in Sources */ = {isa = PBXBuildFile; fileRef = 2E0D848922A7057300E4B0E7 /* UIColor+Custom.swift */; };
		2E30A91E22BF4BED007E386A /* DebugLog.swift in Sources */ = {isa = PBXBuildFile; fileRef = 2EBE46C522BBD5180087BC56 /* DebugLog.swift */; };
		2E30A91F22BF4BED007E386A /* SafelyShowAlert.swift in Sources */ = {isa = PBXBuildFile; fileRef = 2E30A8E822BF4773007E386A /* SafelyShowAlert.swift */; };
		2E30A92022BF4BED007E386A /* AppDelegate.swift in Sources */ = {isa = PBXBuildFile; fileRef = 2E23A6C2226AC7B300B2DCC3 /* AppDelegate.swift */; };
		2E30A92222BFE168007E386A /* ProgressCoreDataAPI.swift in Sources */ = {isa = PBXBuildFile; fileRef = 2EEDE91122BEE980000A4F2B /* ProgressCoreDataAPI.swift */; };
		2E30A92422BFE25A007E386A /* PoliticalDebateApp_iOS.xcdatamodeld in Sources */ = {isa = PBXBuildFile; fileRef = 2E23A6C9226AC7B300B2DCC3 /* PoliticalDebateApp_iOS.xcdatamodeld */; };
		2E30A92522BFE33F007E386A /* CoreDataService.swift in Sources */ = {isa = PBXBuildFile; fileRef = 2E96743F226BE91000821A73 /* CoreDataService.swift */; };
		2E36796522A4B278008190FE /* Progress.swift in Sources */ = {isa = PBXBuildFile; fileRef = 2E36796422A4B278008190FE /* Progress.swift */; };
		2E36796722A4B280008190FE /* Starred.swift in Sources */ = {isa = PBXBuildFile; fileRef = 2E36796622A4B280008190FE /* Starred.swift */; };
		2E3A0C8A22D707BC00087B2A /* Point.swift in Sources */ = {isa = PBXBuildFile; fileRef = 2E3A0C8922D707BC00087B2A /* Point.swift */; };
		2E3A0C8B22D7087D00087B2A /* Point.swift in Sources */ = {isa = PBXBuildFile; fileRef = 2E3A0C8922D707BC00087B2A /* Point.swift */; };
		2E5C5F43226B08220007BCAF /* String+Date.swift in Sources */ = {isa = PBXBuildFile; fileRef = 2E5C5F42226B08220007BCAF /* String+Date.swift */; };
		2E5C5F45226B0DFD0007BCAF /* PlainDjangoEncoding.swift in Sources */ = {isa = PBXBuildFile; fileRef = 2E5C5F44226B0DFD0007BCAF /* PlainDjangoEncoding.swift */; };
		2E5C5F58226B29E90007BCAF /* DebateAPI+Testing.swift in Sources */ = {isa = PBXBuildFile; fileRef = 2E23A70A226ADD8100B2DCC3 /* DebateAPI+Testing.swift */; };
		2E5C5F59226B2A0C0007BCAF /* StubAccess.swift in Sources */ = {isa = PBXBuildFile; fileRef = 2E5C5F56226B29A30007BCAF /* StubAccess.swift */; };
		2E69094722A4931100DF486A /* ProgressAPI.swift in Sources */ = {isa = PBXBuildFile; fileRef = 2E69094622A4931100DF486A /* ProgressAPI.swift */; };
		2E69094A22A4931E00DF486A /* ProgressAPI+Testing.swift in Sources */ = {isa = PBXBuildFile; fileRef = 2E69094922A4931E00DF486A /* ProgressAPI+Testing.swift */; };
		2E69094D22A4932700DF486A /* StarredAPI.swift in Sources */ = {isa = PBXBuildFile; fileRef = 2E69094C22A4932700DF486A /* StarredAPI.swift */; };
		2E69095022A4933400DF486A /* StarredAPI+Testing.swift in Sources */ = {isa = PBXBuildFile; fileRef = 2E69094F22A4933400DF486A /* StarredAPI+Testing.swift */; };
		2E967439226BD34E00821A73 /* SessionManager.swift in Sources */ = {isa = PBXBuildFile; fileRef = 2E967438226BD34E00821A73 /* SessionManager.swift */; };
		2E96743B226BDA8A00821A73 /* KeychainService.swift in Sources */ = {isa = PBXBuildFile; fileRef = 2E96743A226BDA8A00821A73 /* KeychainService.swift */; };
		2E967440226BE91000821A73 /* CoreDataService.swift in Sources */ = {isa = PBXBuildFile; fileRef = 2E96743F226BE91000821A73 /* CoreDataService.swift */; };
		2E967442226BE91C00821A73 /* UserDataManager.swift in Sources */ = {isa = PBXBuildFile; fileRef = 2E967441226BE91C00821A73 /* UserDataManager.swift */; };
		2EA3D1A2228D35AC00019324 /* AuthAPI.swift in Sources */ = {isa = PBXBuildFile; fileRef = 2EA3D1A1228D35AC00019324 /* AuthAPI.swift */; };
		2EA3D1A4228D35C000019324 /* AuthAPI+Testing.swift in Sources */ = {isa = PBXBuildFile; fileRef = 2EA3D1A3228D35C000019324 /* AuthAPI+Testing.swift */; };
		2EBE46C622BBD5180087BC56 /* DebugLog.swift in Sources */ = {isa = PBXBuildFile; fileRef = 2EBE46C522BBD5180087BC56 /* DebugLog.swift */; };
		2EC194BC22A6E54F006134F8 /* UIView+SafeAreaLayoutAnchor.swift in Sources */ = {isa = PBXBuildFile; fileRef = 2EC194BA22A6E54E006134F8 /* UIView+SafeAreaLayoutAnchor.swift */; };
		2EC194BD22A6E54F006134F8 /* UIViewController+SafeAreaLayoutAnchor.swift in Sources */ = {isa = PBXBuildFile; fileRef = 2EC194BB22A6E54F006134F8 /* UIViewController+SafeAreaLayoutAnchor.swift */; };
		2EC7890822D059FE009402F1 /* ErrorHandler.swift in Sources */ = {isa = PBXBuildFile; fileRef = 2EC7890722D059FE009402F1 /* ErrorHandler.swift */; };
		2ED2FDA22290CC210093B6A7 /* TokenPair.swift in Sources */ = {isa = PBXBuildFile; fileRef = 2ED2FDA12290CC210093B6A7 /* TokenPair.swift */; };
		2ED614DE22E0382300BB19FF /* StubAccess.swift in Sources */ = {isa = PBXBuildFile; fileRef = 2E5C5F56226B29A30007BCAF /* StubAccess.swift */; };
		2EEDE91222BEE980000A4F2B /* ProgressCoreDataAPI.swift in Sources */ = {isa = PBXBuildFile; fileRef = 2EEDE91122BEE980000A4F2B /* ProgressCoreDataAPI.swift */; };
		2EF1E59B22DC688200C93DFB /* ButtonWithActionClosure.swift in Sources */ = {isa = PBXBuildFile; fileRef = 2EF1E59A22DC688200C93DFB /* ButtonWithActionClosure.swift */; };
		B5307AE15A1C031FA189B26E /* Pods_PoliticalDebateApp_iOSTests.framework in Frameworks */ = {isa = PBXBuildFile; fileRef = 1D7E7DBF71D799DB9F5E3D36 /* Pods_PoliticalDebateApp_iOSTests.framework */; };
		C1F8594D1844FD5A725FD14D /* Pods_PoliticalDebateApp_iOS.framework in Frameworks */ = {isa = PBXBuildFile; fileRef = B294A5E6DD428B59EE9B92B6 /* Pods_PoliticalDebateApp_iOS.framework */; };
		C8A8D5D71259D82EE76A8AB8 /* Pods_PoliticalDebateApp_iOSUITests.framework in Frameworks */ = {isa = PBXBuildFile; fileRef = 1E9127E5132AA34688E16C18 /* Pods_PoliticalDebateApp_iOSUITests.framework */; };
/* End PBXBuildFile section */

/* Begin PBXContainerItemProxy section */
		2E23A6D7226AC7B400B2DCC3 /* PBXContainerItemProxy */ = {
			isa = PBXContainerItemProxy;
			containerPortal = 2E23A6B7226AC7B300B2DCC3 /* Project object */;
			proxyType = 1;
			remoteGlobalIDString = 2E23A6BE226AC7B300B2DCC3;
			remoteInfo = PoliticalDebateApp_iOS;
		};
		2E23A6E2226AC7B400B2DCC3 /* PBXContainerItemProxy */ = {
			isa = PBXContainerItemProxy;
			containerPortal = 2E23A6B7226AC7B300B2DCC3 /* Project object */;
			proxyType = 1;
			remoteGlobalIDString = 2E23A6BE226AC7B300B2DCC3;
			remoteInfo = PoliticalDebateApp_iOS;
		};
/* End PBXContainerItemProxy section */

/* Begin PBXFileReference section */
		1D7E7DBF71D799DB9F5E3D36 /* Pods_PoliticalDebateApp_iOSTests.framework */ = {isa = PBXFileReference; explicitFileType = wrapper.framework; includeInIndex = 0; path = Pods_PoliticalDebateApp_iOSTests.framework; sourceTree = BUILT_PRODUCTS_DIR; };
		1E9127E5132AA34688E16C18 /* Pods_PoliticalDebateApp_iOSUITests.framework */ = {isa = PBXFileReference; explicitFileType = wrapper.framework; includeInIndex = 0; path = Pods_PoliticalDebateApp_iOSUITests.framework; sourceTree = BUILT_PRODUCTS_DIR; };
		2162EE9CB2F8CA1A2CF41A7A /* Pods-PoliticalDebateApp_iOS.debug.xcconfig */ = {isa = PBXFileReference; includeInIndex = 1; lastKnownFileType = text.xcconfig; name = "Pods-PoliticalDebateApp_iOS.debug.xcconfig"; path = "Target Support Files/Pods-PoliticalDebateApp_iOS/Pods-PoliticalDebateApp_iOS.debug.xcconfig"; sourceTree = "<group>"; };
		2E0D848322A6E60200E4B0E7 /* NSLayoutConstraint+Priority.swift */ = {isa = PBXFileReference; fileEncoding = 4; lastKnownFileType = sourcecode.swift; path = "NSLayoutConstraint+Priority.swift"; sourceTree = "<group>"; };
		2E0D848522A6FA9C00E4B0E7 /* DebatesListViewModel.swift */ = {isa = PBXFileReference; lastKnownFileType = sourcecode.swift; path = DebatesListViewModel.swift; sourceTree = "<group>"; };
		2E0D848722A7054A00E4B0E7 /* UIFont+Custom.swift */ = {isa = PBXFileReference; lastKnownFileType = sourcecode.swift; path = "UIFont+Custom.swift"; sourceTree = "<group>"; };
		2E0D848922A7057300E4B0E7 /* UIColor+Custom.swift */ = {isa = PBXFileReference; lastKnownFileType = sourcecode.swift; path = "UIColor+Custom.swift"; sourceTree = "<group>"; };
		2E0D849522A70F2600E4B0E7 /* Manrope-Semibold.otf */ = {isa = PBXFileReference; lastKnownFileType = file; path = "Manrope-Semibold.otf"; sourceTree = "<group>"; };
		2E0D849622A70F2600E4B0E7 /* Manrope-Light.otf */ = {isa = PBXFileReference; lastKnownFileType = file; path = "Manrope-Light.otf"; sourceTree = "<group>"; };
		2E0D849C22A70F2600E4B0E7 /* Manrope-Thin.otf */ = {isa = PBXFileReference; lastKnownFileType = file; path = "Manrope-Thin.otf"; sourceTree = "<group>"; };
		2E0D849F22A70F2600E4B0E7 /* Manrope-Regular.otf */ = {isa = PBXFileReference; lastKnownFileType = file; path = "Manrope-Regular.otf"; sourceTree = "<group>"; };
		2E0D84A022A70F2600E4B0E7 /* Manrope-Bold.otf */ = {isa = PBXFileReference; lastKnownFileType = file; path = "Manrope-Bold.otf"; sourceTree = "<group>"; };
		2E0D84A222A70F2600E4B0E7 /* Manrope-Medium.otf */ = {isa = PBXFileReference; lastKnownFileType = file; path = "Manrope-Medium.otf"; sourceTree = "<group>"; };
		2E0D84B922A7952400E4B0E7 /* LoginOrRegisterViewController.swift */ = {isa = PBXFileReference; lastKnownFileType = sourcecode.swift; path = LoginOrRegisterViewController.swift; sourceTree = "<group>"; };
		2E0D84BB22A7952F00E4B0E7 /* LoginOrRegisterViewModel.swift */ = {isa = PBXFileReference; lastKnownFileType = sourcecode.swift; path = LoginOrRegisterViewModel.swift; sourceTree = "<group>"; };
		2E0D84BD22A7953A00E4B0E7 /* AccountViewController.swift */ = {isa = PBXFileReference; lastKnownFileType = sourcecode.swift; path = AccountViewController.swift; sourceTree = "<group>"; };
		2E0D84BF22A7954300E4B0E7 /* AccountViewModel.swift */ = {isa = PBXFileReference; lastKnownFileType = sourcecode.swift; path = AccountViewModel.swift; sourceTree = "<group>"; };
		2E23A6BF226AC7B300B2DCC3 /* PoliticalDebateApp_iOS.app */ = {isa = PBXFileReference; explicitFileType = wrapper.application; includeInIndex = 0; path = PoliticalDebateApp_iOS.app; sourceTree = BUILT_PRODUCTS_DIR; };
		2E23A6C2226AC7B300B2DCC3 /* AppDelegate.swift */ = {isa = PBXFileReference; lastKnownFileType = sourcecode.swift; path = AppDelegate.swift; sourceTree = "<group>"; };
		2E23A6C4226AC7B300B2DCC3 /* DebatesListViewController.swift */ = {isa = PBXFileReference; lastKnownFileType = sourcecode.swift; path = DebatesListViewController.swift; sourceTree = "<group>"; };
		2E23A6CA226AC7B300B2DCC3 /* PoliticalDebateApp_iOS.xcdatamodel */ = {isa = PBXFileReference; lastKnownFileType = wrapper.xcdatamodel; path = PoliticalDebateApp_iOS.xcdatamodel; sourceTree = "<group>"; };
		2E23A6CC226AC7B300B2DCC3 /* Assets.xcassets */ = {isa = PBXFileReference; lastKnownFileType = folder.assetcatalog; path = Assets.xcassets; sourceTree = "<group>"; };
		2E23A6CF226AC7B300B2DCC3 /* Base */ = {isa = PBXFileReference; lastKnownFileType = file.storyboard; name = Base; path = Base.lproj/LaunchScreen.storyboard; sourceTree = "<group>"; };
		2E23A6D1226AC7B300B2DCC3 /* Info.plist */ = {isa = PBXFileReference; lastKnownFileType = text.plist.xml; path = Info.plist; sourceTree = "<group>"; };
		2E23A6D6226AC7B400B2DCC3 /* PoliticalDebateApp_iOSTests.xctest */ = {isa = PBXFileReference; explicitFileType = wrapper.cfbundle; includeInIndex = 0; path = PoliticalDebateApp_iOSTests.xctest; sourceTree = BUILT_PRODUCTS_DIR; };
		2E23A6DA226AC7B400B2DCC3 /* NetworkAPITests.swift */ = {isa = PBXFileReference; lastKnownFileType = sourcecode.swift; path = NetworkAPITests.swift; sourceTree = "<group>"; };
		2E23A6DC226AC7B400B2DCC3 /* Info.plist */ = {isa = PBXFileReference; lastKnownFileType = text.plist.xml; path = Info.plist; sourceTree = "<group>"; };
		2E23A6E1226AC7B400B2DCC3 /* PoliticalDebateApp_iOSUITests.xctest */ = {isa = PBXFileReference; explicitFileType = wrapper.cfbundle; includeInIndex = 0; path = PoliticalDebateApp_iOSUITests.xctest; sourceTree = BUILT_PRODUCTS_DIR; };
		2E23A6E5226AC7B400B2DCC3 /* PoliticalDebateApp_iOSUITests.swift */ = {isa = PBXFileReference; lastKnownFileType = sourcecode.swift; path = PoliticalDebateApp_iOSUITests.swift; sourceTree = "<group>"; };
		2E23A6E7226AC7B400B2DCC3 /* Info.plist */ = {isa = PBXFileReference; lastKnownFileType = text.plist.xml; path = Info.plist; sourceTree = "<group>"; };
		2E23A6F3226AC7D400B2DCC3 /* .swiftlint.yml */ = {isa = PBXFileReference; fileEncoding = 4; lastKnownFileType = text; path = .swiftlint.yml; sourceTree = "<group>"; };
		2E23A6F4226AC7D400B2DCC3 /* .gitignore */ = {isa = PBXFileReference; fileEncoding = 4; lastKnownFileType = text; path = .gitignore; sourceTree = "<group>"; };
		2E23A6F5226AC7D400B2DCC3 /* README.md */ = {isa = PBXFileReference; fileEncoding = 4; lastKnownFileType = net.daringfireball.markdown; path = README.md; sourceTree = "<group>"; };
		2E23A701226ACE5600B2DCC3 /* Debate.swift */ = {isa = PBXFileReference; lastKnownFileType = sourcecode.swift; path = Debate.swift; sourceTree = "<group>"; };
		2E23A704226AD39200B2DCC3 /* DebateAPI.swift */ = {isa = PBXFileReference; lastKnownFileType = sourcecode.swift; path = DebateAPI.swift; sourceTree = "<group>"; };
		2E23A707226ADA6200B2DCC3 /* NetworkService.swift */ = {isa = PBXFileReference; lastKnownFileType = sourcecode.swift; path = NetworkService.swift; sourceTree = "<group>"; };
		2E23A70A226ADD8100B2DCC3 /* DebateAPI+Testing.swift */ = {isa = PBXFileReference; lastKnownFileType = sourcecode.swift; path = "DebateAPI+Testing.swift"; sourceTree = "<group>"; };
		2E23A712226AE36600B2DCC3 /* Constants.swift */ = {isa = PBXFileReference; lastKnownFileType = sourcecode.swift; path = Constants.swift; sourceTree = "<group>"; };
		2E287CB922DC4A7A000A4CF2 /* BannerOnScreen.swift */ = {isa = PBXFileReference; fileEncoding = 4; lastKnownFileType = sourcecode.swift; path = BannerOnScreen.swift; sourceTree = "<group>"; };
		2E287CBA22DC4A7B000A4CF2 /* NotificationBannerView.swift */ = {isa = PBXFileReference; fileEncoding = 4; lastKnownFileType = sourcecode.swift; path = NotificationBannerView.swift; sourceTree = "<group>"; };
		2E287CBB22DC4A7B000A4CF2 /* NotificationBannerViewModel.swift */ = {isa = PBXFileReference; fileEncoding = 4; lastKnownFileType = sourcecode.swift; path = NotificationBannerViewModel.swift; sourceTree = "<group>"; };
		2E287CBC22DC4A7B000A4CF2 /* NotificationBannerQueue.swift */ = {isa = PBXFileReference; fileEncoding = 4; lastKnownFileType = sourcecode.swift; path = NotificationBannerQueue.swift; sourceTree = "<group>"; };
		2E2BB06122F2AA9D00ED02C0 /* EmailAndPasswordValidator.swift */ = {isa = PBXFileReference; lastKnownFileType = sourcecode.swift; path = EmailAndPasswordValidator.swift; sourceTree = "<group>"; };
		2E2BB06322F2C05C00ED02C0 /* ReactiveKeyboardProtocol.swift */ = {isa = PBXFileReference; lastKnownFileType = sourcecode.swift; path = ReactiveKeyboardProtocol.swift; sourceTree = "<group>"; };
		2E2BB06522F2C95D00ED02C0 /* BasicUIElementFactory.swift */ = {isa = PBXFileReference; lastKnownFileType = sourcecode.swift; path = BasicUIElementFactory.swift; sourceTree = "<group>"; };
		2E2BB06722F2D66800ED02C0 /* BackendErrorMessage.swift */ = {isa = PBXFileReference; lastKnownFileType = sourcecode.swift; path = BackendErrorMessage.swift; sourceTree = "<group>"; };
		2E30A8E422BF4587007E386A /* StarredCoreDataAPI.swift */ = {isa = PBXFileReference; lastKnownFileType = sourcecode.swift; path = StarredCoreDataAPI.swift; sourceTree = "<group>"; };
		2E30A8E822BF4773007E386A /* SafelyShowAlert.swift */ = {isa = PBXFileReference; lastKnownFileType = sourcecode.swift; path = SafelyShowAlert.swift; sourceTree = "<group>"; };
		2E36796422A4B278008190FE /* Progress.swift */ = {isa = PBXFileReference; lastKnownFileType = sourcecode.swift; path = Progress.swift; sourceTree = "<group>"; };
		2E36796622A4B280008190FE /* Starred.swift */ = {isa = PBXFileReference; lastKnownFileType = sourcecode.swift; path = Starred.swift; sourceTree = "<group>"; };
		2E3A0C8922D707BC00087B2A /* Point.swift */ = {isa = PBXFileReference; lastKnownFileType = sourcecode.swift; path = Point.swift; sourceTree = "<group>"; };
		2E5C5F42226B08220007BCAF /* String+Date.swift */ = {isa = PBXFileReference; lastKnownFileType = sourcecode.swift; path = "String+Date.swift"; sourceTree = "<group>"; };
		2E5C5F44226B0DFD0007BCAF /* PlainDjangoEncoding.swift */ = {isa = PBXFileReference; lastKnownFileType = sourcecode.swift; path = PlainDjangoEncoding.swift; sourceTree = "<group>"; };
		2E5C5F56226B29A30007BCAF /* StubAccess.swift */ = {isa = PBXFileReference; lastKnownFileType = sourcecode.swift; path = StubAccess.swift; sourceTree = "<group>"; };
		2E69094622A4931100DF486A /* ProgressAPI.swift */ = {isa = PBXFileReference; lastKnownFileType = sourcecode.swift; path = ProgressAPI.swift; sourceTree = "<group>"; };
		2E69094922A4931E00DF486A /* ProgressAPI+Testing.swift */ = {isa = PBXFileReference; lastKnownFileType = sourcecode.swift; path = "ProgressAPI+Testing.swift"; sourceTree = "<group>"; };
		2E69094C22A4932700DF486A /* StarredAPI.swift */ = {isa = PBXFileReference; lastKnownFileType = sourcecode.swift; path = StarredAPI.swift; sourceTree = "<group>"; };
		2E69094F22A4933400DF486A /* StarredAPI+Testing.swift */ = {isa = PBXFileReference; lastKnownFileType = sourcecode.swift; path = "StarredAPI+Testing.swift"; sourceTree = "<group>"; };
		2E967438226BD34E00821A73 /* SessionManager.swift */ = {isa = PBXFileReference; lastKnownFileType = sourcecode.swift; path = SessionManager.swift; sourceTree = "<group>"; };
		2E96743A226BDA8A00821A73 /* KeychainService.swift */ = {isa = PBXFileReference; lastKnownFileType = sourcecode.swift; path = KeychainService.swift; sourceTree = "<group>"; };
		2E96743F226BE91000821A73 /* CoreDataService.swift */ = {isa = PBXFileReference; lastKnownFileType = sourcecode.swift; path = CoreDataService.swift; sourceTree = "<group>"; };
		2E967441226BE91C00821A73 /* UserDataManager.swift */ = {isa = PBXFileReference; lastKnownFileType = sourcecode.swift; path = UserDataManager.swift; sourceTree = "<group>"; };
		2EA3D1A1228D35AC00019324 /* AuthAPI.swift */ = {isa = PBXFileReference; lastKnownFileType = sourcecode.swift; path = AuthAPI.swift; sourceTree = "<group>"; };
		2EA3D1A3228D35C000019324 /* AuthAPI+Testing.swift */ = {isa = PBXFileReference; lastKnownFileType = sourcecode.swift; path = "AuthAPI+Testing.swift"; sourceTree = "<group>"; };
		2EBE46C522BBD5180087BC56 /* DebugLog.swift */ = {isa = PBXFileReference; lastKnownFileType = sourcecode.swift; path = DebugLog.swift; sourceTree = "<group>"; };
		2EC194BA22A6E54E006134F8 /* UIView+SafeAreaLayoutAnchor.swift */ = {isa = PBXFileReference; fileEncoding = 4; lastKnownFileType = sourcecode.swift; path = "UIView+SafeAreaLayoutAnchor.swift"; sourceTree = "<group>"; };
		2EC194BB22A6E54F006134F8 /* UIViewController+SafeAreaLayoutAnchor.swift */ = {isa = PBXFileReference; fileEncoding = 4; lastKnownFileType = sourcecode.swift; path = "UIViewController+SafeAreaLayoutAnchor.swift"; sourceTree = "<group>"; };
		2EC7890722D059FE009402F1 /* ErrorHandler.swift */ = {isa = PBXFileReference; lastKnownFileType = sourcecode.swift; path = ErrorHandler.swift; sourceTree = "<group>"; };
		2ED2FDA12290CC210093B6A7 /* TokenPair.swift */ = {isa = PBXFileReference; lastKnownFileType = sourcecode.swift; path = TokenPair.swift; sourceTree = "<group>"; };
		2EEDE91122BEE980000A4F2B /* ProgressCoreDataAPI.swift */ = {isa = PBXFileReference; fileEncoding = 4; lastKnownFileType = sourcecode.swift; path = ProgressCoreDataAPI.swift; sourceTree = "<group>"; };
		2EF1E59A22DC688200C93DFB /* ButtonWithActionClosure.swift */ = {isa = PBXFileReference; fileEncoding = 4; lastKnownFileType = sourcecode.swift; path = ButtonWithActionClosure.swift; sourceTree = "<group>"; };
		7A7E42EE5FCED9A963BBF6E4 /* Pods-PoliticalDebateApp_iOS.release.xcconfig */ = {isa = PBXFileReference; includeInIndex = 1; lastKnownFileType = text.xcconfig; name = "Pods-PoliticalDebateApp_iOS.release.xcconfig"; path = "Target Support Files/Pods-PoliticalDebateApp_iOS/Pods-PoliticalDebateApp_iOS.release.xcconfig"; sourceTree = "<group>"; };
		A4042BE1D4716D71FE5919AA /* Pods-PoliticalDebateApp_iOSUITests.release.xcconfig */ = {isa = PBXFileReference; includeInIndex = 1; lastKnownFileType = text.xcconfig; name = "Pods-PoliticalDebateApp_iOSUITests.release.xcconfig"; path = "Target Support Files/Pods-PoliticalDebateApp_iOSUITests/Pods-PoliticalDebateApp_iOSUITests.release.xcconfig"; sourceTree = "<group>"; };
		AAC19EF7DF8E9E43D162A455 /* Pods-PoliticalDebateApp_iOSTests.release.xcconfig */ = {isa = PBXFileReference; includeInIndex = 1; lastKnownFileType = text.xcconfig; name = "Pods-PoliticalDebateApp_iOSTests.release.xcconfig"; path = "Target Support Files/Pods-PoliticalDebateApp_iOSTests/Pods-PoliticalDebateApp_iOSTests.release.xcconfig"; sourceTree = "<group>"; };
		ADB9BD0CDD1CBE12528061F6 /* Pods-PoliticalDebateApp_iOS.test.xcconfig */ = {isa = PBXFileReference; includeInIndex = 1; lastKnownFileType = text.xcconfig; name = "Pods-PoliticalDebateApp_iOS.test.xcconfig"; path = "Target Support Files/Pods-PoliticalDebateApp_iOS/Pods-PoliticalDebateApp_iOS.test.xcconfig"; sourceTree = "<group>"; };
		AFCB4D323C984F53B2217668 /* Pods-PoliticalDebateApp_iOSTests.debug.xcconfig */ = {isa = PBXFileReference; includeInIndex = 1; lastKnownFileType = text.xcconfig; name = "Pods-PoliticalDebateApp_iOSTests.debug.xcconfig"; path = "Target Support Files/Pods-PoliticalDebateApp_iOSTests/Pods-PoliticalDebateApp_iOSTests.debug.xcconfig"; sourceTree = "<group>"; };
		B294A5E6DD428B59EE9B92B6 /* Pods_PoliticalDebateApp_iOS.framework */ = {isa = PBXFileReference; explicitFileType = wrapper.framework; includeInIndex = 0; path = Pods_PoliticalDebateApp_iOS.framework; sourceTree = BUILT_PRODUCTS_DIR; };
		BB4B5C9A06643441D9D82F7F /* Pods-PoliticalDebateApp_iOSTests.test.xcconfig */ = {isa = PBXFileReference; includeInIndex = 1; lastKnownFileType = text.xcconfig; name = "Pods-PoliticalDebateApp_iOSTests.test.xcconfig"; path = "Target Support Files/Pods-PoliticalDebateApp_iOSTests/Pods-PoliticalDebateApp_iOSTests.test.xcconfig"; sourceTree = "<group>"; };
		C0ABC1F301196AEFDF8D01AC /* Pods-PoliticalDebateApp_iOSUITests.test.xcconfig */ = {isa = PBXFileReference; includeInIndex = 1; lastKnownFileType = text.xcconfig; name = "Pods-PoliticalDebateApp_iOSUITests.test.xcconfig"; path = "Target Support Files/Pods-PoliticalDebateApp_iOSUITests/Pods-PoliticalDebateApp_iOSUITests.test.xcconfig"; sourceTree = "<group>"; };
		E6FC36CDDAF615B806EA261D /* Pods-PoliticalDebateApp_iOSUITests.debug.xcconfig */ = {isa = PBXFileReference; includeInIndex = 1; lastKnownFileType = text.xcconfig; name = "Pods-PoliticalDebateApp_iOSUITests.debug.xcconfig"; path = "Target Support Files/Pods-PoliticalDebateApp_iOSUITests/Pods-PoliticalDebateApp_iOSUITests.debug.xcconfig"; sourceTree = "<group>"; };
/* End PBXFileReference section */

/* Begin PBXFrameworksBuildPhase section */
		2E23A6BC226AC7B300B2DCC3 /* Frameworks */ = {
			isa = PBXFrameworksBuildPhase;
			buildActionMask = 2147483647;
			files = (
				C1F8594D1844FD5A725FD14D /* Pods_PoliticalDebateApp_iOS.framework in Frameworks */,
			);
			runOnlyForDeploymentPostprocessing = 0;
		};
		2E23A6D3226AC7B400B2DCC3 /* Frameworks */ = {
			isa = PBXFrameworksBuildPhase;
			buildActionMask = 2147483647;
			files = (
				B5307AE15A1C031FA189B26E /* Pods_PoliticalDebateApp_iOSTests.framework in Frameworks */,
			);
			runOnlyForDeploymentPostprocessing = 0;
		};
		2E23A6DE226AC7B400B2DCC3 /* Frameworks */ = {
			isa = PBXFrameworksBuildPhase;
			buildActionMask = 2147483647;
			files = (
				C8A8D5D71259D82EE76A8AB8 /* Pods_PoliticalDebateApp_iOSUITests.framework in Frameworks */,
			);
			runOnlyForDeploymentPostprocessing = 0;
		};
/* End PBXFrameworksBuildPhase section */

/* Begin PBXGroup section */
		2060EB8BB7F453104959922C /* Pods */ = {
			isa = PBXGroup;
			children = (
				2162EE9CB2F8CA1A2CF41A7A /* Pods-PoliticalDebateApp_iOS.debug.xcconfig */,
				7A7E42EE5FCED9A963BBF6E4 /* Pods-PoliticalDebateApp_iOS.release.xcconfig */,
				AFCB4D323C984F53B2217668 /* Pods-PoliticalDebateApp_iOSTests.debug.xcconfig */,
				AAC19EF7DF8E9E43D162A455 /* Pods-PoliticalDebateApp_iOSTests.release.xcconfig */,
				E6FC36CDDAF615B806EA261D /* Pods-PoliticalDebateApp_iOSUITests.debug.xcconfig */,
				A4042BE1D4716D71FE5919AA /* Pods-PoliticalDebateApp_iOSUITests.release.xcconfig */,
				ADB9BD0CDD1CBE12528061F6 /* Pods-PoliticalDebateApp_iOS.test.xcconfig */,
				BB4B5C9A06643441D9D82F7F /* Pods-PoliticalDebateApp_iOSTests.test.xcconfig */,
				C0ABC1F301196AEFDF8D01AC /* Pods-PoliticalDebateApp_iOSUITests.test.xcconfig */,
			);
			path = Pods;
			sourceTree = "<group>";
		};
		2E0D848B22A70B7D00E4B0E7 /* Resources */ = {
			isa = PBXGroup;
			children = (
				2E23A6CC226AC7B300B2DCC3 /* Assets.xcassets */,
				2E0D848C22A70BA100E4B0E7 /* Fonts */,
			);
			path = Resources;
			sourceTree = "<group>";
		};
		2E0D848C22A70BA100E4B0E7 /* Fonts */ = {
			isa = PBXGroup;
			children = (
				2E0D849422A70F2600E4B0E7 /* Manrope */,
			);
			path = Fonts;
			sourceTree = "<group>";
		};
		2E0D849422A70F2600E4B0E7 /* Manrope */ = {
			isa = PBXGroup;
			children = (
				2E0D849522A70F2600E4B0E7 /* Manrope-Semibold.otf */,
				2E0D849622A70F2600E4B0E7 /* Manrope-Light.otf */,
				2E0D849C22A70F2600E4B0E7 /* Manrope-Thin.otf */,
				2E0D849F22A70F2600E4B0E7 /* Manrope-Regular.otf */,
				2E0D84A022A70F2600E4B0E7 /* Manrope-Bold.otf */,
				2E0D84A222A70F2600E4B0E7 /* Manrope-Medium.otf */,
			);
			path = Manrope;
			sourceTree = "<group>";
		};
		2E23A6B6226AC7B300B2DCC3 = {
			isa = PBXGroup;
			children = (
				2E23A6F4226AC7D400B2DCC3 /* .gitignore */,
				2E23A6F3226AC7D400B2DCC3 /* .swiftlint.yml */,
				2E23A6F5226AC7D400B2DCC3 /* README.md */,
				2E23A6C1226AC7B300B2DCC3 /* PoliticalDebateApp_iOS */,
				2E23A6D9226AC7B400B2DCC3 /* PoliticalDebateApp_iOSTests */,
				2E23A6E4226AC7B400B2DCC3 /* PoliticalDebateApp_iOSUITests */,
				2E23A6C0226AC7B300B2DCC3 /* Products */,
				2060EB8BB7F453104959922C /* Pods */,
				CAEF5118B43D4999D207811B /* Frameworks */,
			);
			sourceTree = "<group>";
		};
		2E23A6C0226AC7B300B2DCC3 /* Products */ = {
			isa = PBXGroup;
			children = (
				2E23A6BF226AC7B300B2DCC3 /* PoliticalDebateApp_iOS.app */,
				2E23A6D6226AC7B400B2DCC3 /* PoliticalDebateApp_iOSTests.xctest */,
				2E23A6E1226AC7B400B2DCC3 /* PoliticalDebateApp_iOSUITests.xctest */,
			);
			name = Products;
			sourceTree = "<group>";
		};
		2E23A6C1226AC7B300B2DCC3 /* PoliticalDebateApp_iOS */ = {
			isa = PBXGroup;
			children = (
				2E23A700226ACE0300B2DCC3 /* ViewModels */,
				2E23A6FF226ACDFD00B2DCC3 /* ViewControllers */,
				2E23A6FD226ACDED00B2DCC3 /* Models */,
				2E23A6FC226ACDE200B2DCC3 /* Manager */,
				2E96743C226BDFEA00821A73 /* Services */,
				2EEDE91322BEE985000A4F2B /* LocalData */,
				2E23A6FB226ACDDD00B2DCC3 /* Networking */,
				2E23A6FE226ACDF600B2DCC3 /* Helpers */,
				2E0D848B22A70B7D00E4B0E7 /* Resources */,
				2E23A6C2226AC7B300B2DCC3 /* AppDelegate.swift */,
				2E23A6CE226AC7B300B2DCC3 /* LaunchScreen.storyboard */,
				2E23A6D1226AC7B300B2DCC3 /* Info.plist */,
			);
			path = PoliticalDebateApp_iOS;
			sourceTree = "<group>";
		};
		2E23A6D9226AC7B400B2DCC3 /* PoliticalDebateApp_iOSTests */ = {
			isa = PBXGroup;
			children = (
				2E5C5F56226B29A30007BCAF /* StubAccess.swift */,
				2E23A6DA226AC7B400B2DCC3 /* NetworkAPITests.swift */,
				2E23A6DC226AC7B400B2DCC3 /* Info.plist */,
			);
			path = PoliticalDebateApp_iOSTests;
			sourceTree = "<group>";
		};
		2E23A6E4226AC7B400B2DCC3 /* PoliticalDebateApp_iOSUITests */ = {
			isa = PBXGroup;
			children = (
				2E23A6E5226AC7B400B2DCC3 /* PoliticalDebateApp_iOSUITests.swift */,
				2E23A6E7226AC7B400B2DCC3 /* Info.plist */,
			);
			path = PoliticalDebateApp_iOSUITests;
			sourceTree = "<group>";
		};
		2E23A6FB226ACDDD00B2DCC3 /* Networking */ = {
			isa = PBXGroup;
			children = (
				2E23A704226AD39200B2DCC3 /* DebateAPI.swift */,
				2E23A70A226ADD8100B2DCC3 /* DebateAPI+Testing.swift */,
				2EA3D1A1228D35AC00019324 /* AuthAPI.swift */,
				2EA3D1A3228D35C000019324 /* AuthAPI+Testing.swift */,
				2E69094622A4931100DF486A /* ProgressAPI.swift */,
				2E69094922A4931E00DF486A /* ProgressAPI+Testing.swift */,
				2E69094C22A4932700DF486A /* StarredAPI.swift */,
				2E69094F22A4933400DF486A /* StarredAPI+Testing.swift */,
			);
			path = Networking;
			sourceTree = "<group>";
		};
		2E23A6FC226ACDE200B2DCC3 /* Manager */ = {
			isa = PBXGroup;
			children = (
				2E967438226BD34E00821A73 /* SessionManager.swift */,
				2E967441226BE91C00821A73 /* UserDataManager.swift */,
			);
			path = Manager;
			sourceTree = "<group>";
		};
		2E23A6FD226ACDED00B2DCC3 /* Models */ = {
			isa = PBXGroup;
			children = (
				2E23A701226ACE5600B2DCC3 /* Debate.swift */,
				2ED2FDA12290CC210093B6A7 /* TokenPair.swift */,
				2E36796422A4B278008190FE /* Progress.swift */,
				2E36796622A4B280008190FE /* Starred.swift */,
				2E3A0C8922D707BC00087B2A /* Point.swift */,
				2E2BB06722F2D66800ED02C0 /* BackendErrorMessage.swift */,
			);
			path = Models;
			sourceTree = "<group>";
		};
		2E23A6FE226ACDF600B2DCC3 /* Helpers */ = {
			isa = PBXGroup;
			children = (
				2E287CB822DC487F000A4CF2 /* NotificationBanner */,
				2E0D848322A6E60200E4B0E7 /* NSLayoutConstraint+Priority.swift */,
				2EC194BA22A6E54E006134F8 /* UIView+SafeAreaLayoutAnchor.swift */,
				2EC194BB22A6E54F006134F8 /* UIViewController+SafeAreaLayoutAnchor.swift */,
				2E23A712226AE36600B2DCC3 /* Constants.swift */,
				2E5C5F42226B08220007BCAF /* String+Date.swift */,
				2E5C5F44226B0DFD0007BCAF /* PlainDjangoEncoding.swift */,
				2E0D848722A7054A00E4B0E7 /* UIFont+Custom.swift */,
				2E0D848922A7057300E4B0E7 /* UIColor+Custom.swift */,
				2EBE46C522BBD5180087BC56 /* DebugLog.swift */,
				2E30A8E822BF4773007E386A /* SafelyShowAlert.swift */,
				2EC7890722D059FE009402F1 /* ErrorHandler.swift */,
				2E2BB06122F2AA9D00ED02C0 /* EmailAndPasswordValidator.swift */,
				2E2BB06322F2C05C00ED02C0 /* ReactiveKeyboardProtocol.swift */,
				2E2BB06522F2C95D00ED02C0 /* BasicUIElementFactory.swift */,
			);
			path = Helpers;
			sourceTree = "<group>";
		};
		2E23A6FF226ACDFD00B2DCC3 /* ViewControllers */ = {
			isa = PBXGroup;
			children = (
				2E23A6C4226AC7B300B2DCC3 /* DebatesListViewController.swift */,
				2E0D84B922A7952400E4B0E7 /* LoginOrRegisterViewController.swift */,
				2E0D84BD22A7953A00E4B0E7 /* AccountViewController.swift */,
			);
			path = ViewControllers;
			sourceTree = "<group>";
		};
		2E23A700226ACE0300B2DCC3 /* ViewModels */ = {
			isa = PBXGroup;
			children = (
				2E0D848522A6FA9C00E4B0E7 /* DebatesListViewModel.swift */,
				2E0D84BB22A7952F00E4B0E7 /* LoginOrRegisterViewModel.swift */,
				2E0D84BF22A7954300E4B0E7 /* AccountViewModel.swift */,
			);
			path = ViewModels;
			sourceTree = "<group>";
		};
		2E287CB822DC487F000A4CF2 /* NotificationBanner */ = {
			isa = PBXGroup;
			children = (
				2EF1E59A22DC688200C93DFB /* ButtonWithActionClosure.swift */,
				2E287CBA22DC4A7B000A4CF2 /* NotificationBannerView.swift */,
				2E287CBB22DC4A7B000A4CF2 /* NotificationBannerViewModel.swift */,
				2E287CB922DC4A7A000A4CF2 /* BannerOnScreen.swift */,
				2E287CBC22DC4A7B000A4CF2 /* NotificationBannerQueue.swift */,
			);
			path = NotificationBanner;
			sourceTree = "<group>";
		};
		2E96743C226BDFEA00821A73 /* Services */ = {
			isa = PBXGroup;
			children = (
				2E23A707226ADA6200B2DCC3 /* NetworkService.swift */,
				2E96743A226BDA8A00821A73 /* KeychainService.swift */,
				2E96743F226BE91000821A73 /* CoreDataService.swift */,
			);
			path = Services;
			sourceTree = "<group>";
		};
		2EEDE91322BEE985000A4F2B /* LocalData */ = {
			isa = PBXGroup;
			children = (
				2EEDE91122BEE980000A4F2B /* ProgressCoreDataAPI.swift */,
				2E23A6C9226AC7B300B2DCC3 /* PoliticalDebateApp_iOS.xcdatamodeld */,
				2E30A8E422BF4587007E386A /* StarredCoreDataAPI.swift */,
			);
			path = LocalData;
			sourceTree = "<group>";
		};
		CAEF5118B43D4999D207811B /* Frameworks */ = {
			isa = PBXGroup;
			children = (
				B294A5E6DD428B59EE9B92B6 /* Pods_PoliticalDebateApp_iOS.framework */,
				1D7E7DBF71D799DB9F5E3D36 /* Pods_PoliticalDebateApp_iOSTests.framework */,
				1E9127E5132AA34688E16C18 /* Pods_PoliticalDebateApp_iOSUITests.framework */,
			);
			name = Frameworks;
			sourceTree = "<group>";
		};
/* End PBXGroup section */

/* Begin PBXNativeTarget section */
		2E23A6BE226AC7B300B2DCC3 /* PoliticalDebateApp_iOS */ = {
			isa = PBXNativeTarget;
			buildConfigurationList = 2E23A6EA226AC7B400B2DCC3 /* Build configuration list for PBXNativeTarget "PoliticalDebateApp_iOS" */;
			buildPhases = (
				010EEA1AD172882888C5B030 /* [CP] Check Pods Manifest.lock */,
				2E23A6BB226AC7B300B2DCC3 /* Sources */,
				2E23A6BC226AC7B300B2DCC3 /* Frameworks */,
				2E23A6BD226AC7B300B2DCC3 /* Resources */,
				90B9B5BB8420D5E1919E30EF /* [CP] Embed Pods Frameworks */,
				2E23A6F9226ACA5600B2DCC3 /* ShellScript */,
				2E5C5F41226B033E0007BCAF /* ShellScript */,
			);
			buildRules = (
			);
			dependencies = (
			);
			name = PoliticalDebateApp_iOS;
			productName = PoliticalDebateApp_iOS;
			productReference = 2E23A6BF226AC7B300B2DCC3 /* PoliticalDebateApp_iOS.app */;
			productType = "com.apple.product-type.application";
		};
		2E23A6D5226AC7B400B2DCC3 /* PoliticalDebateApp_iOSTests */ = {
			isa = PBXNativeTarget;
			buildConfigurationList = 2E23A6ED226AC7B400B2DCC3 /* Build configuration list for PBXNativeTarget "PoliticalDebateApp_iOSTests" */;
			buildPhases = (
				16F5F7FACC22FE88957FF779 /* [CP] Check Pods Manifest.lock */,
				2E23A6D2226AC7B400B2DCC3 /* Sources */,
				2E23A6D3226AC7B400B2DCC3 /* Frameworks */,
				2E23A6D4226AC7B400B2DCC3 /* Resources */,
				383D76544149C5C585EE271A /* [CP] Embed Pods Frameworks */,
			);
			buildRules = (
			);
			dependencies = (
				2E23A6D8226AC7B400B2DCC3 /* PBXTargetDependency */,
			);
			name = PoliticalDebateApp_iOSTests;
			productName = PoliticalDebateApp_iOSTests;
			productReference = 2E23A6D6226AC7B400B2DCC3 /* PoliticalDebateApp_iOSTests.xctest */;
			productType = "com.apple.product-type.bundle.unit-test";
		};
		2E23A6E0226AC7B400B2DCC3 /* PoliticalDebateApp_iOSUITests */ = {
			isa = PBXNativeTarget;
			buildConfigurationList = 2E23A6F0226AC7B400B2DCC3 /* Build configuration list for PBXNativeTarget "PoliticalDebateApp_iOSUITests" */;
			buildPhases = (
				B580ABBAEBE0A9EA58A0839F /* [CP] Check Pods Manifest.lock */,
				2E23A6DD226AC7B400B2DCC3 /* Sources */,
				2E23A6DE226AC7B400B2DCC3 /* Frameworks */,
				2E23A6DF226AC7B400B2DCC3 /* Resources */,
			);
			buildRules = (
			);
			dependencies = (
				2E23A6E3226AC7B400B2DCC3 /* PBXTargetDependency */,
			);
			name = PoliticalDebateApp_iOSUITests;
			productName = PoliticalDebateApp_iOSUITests;
			productReference = 2E23A6E1226AC7B400B2DCC3 /* PoliticalDebateApp_iOSUITests.xctest */;
			productType = "com.apple.product-type.bundle.ui-testing";
		};
/* End PBXNativeTarget section */

/* Begin PBXProject section */
		2E23A6B7226AC7B300B2DCC3 /* Project object */ = {
			isa = PBXProject;
			attributes = {
				LastSwiftUpdateCheck = 1020;
				LastUpgradeCheck = 1020;
				ORGANIZATIONNAME = PoliticalDebateApp;
				TargetAttributes = {
					2E23A6BE226AC7B300B2DCC3 = {
						CreatedOnToolsVersion = 10.2.1;
					};
					2E23A6D5226AC7B400B2DCC3 = {
						CreatedOnToolsVersion = 10.2.1;
						TestTargetID = 2E23A6BE226AC7B300B2DCC3;
					};
					2E23A6E0226AC7B400B2DCC3 = {
						CreatedOnToolsVersion = 10.2.1;
						TestTargetID = 2E23A6BE226AC7B300B2DCC3;
					};
				};
			};
			buildConfigurationList = 2E23A6BA226AC7B300B2DCC3 /* Build configuration list for PBXProject "PoliticalDebateApp_iOS" */;
			compatibilityVersion = "Xcode 9.3";
			developmentRegion = en;
			hasScannedForEncodings = 0;
			knownRegions = (
				en,
				Base,
			);
			mainGroup = 2E23A6B6226AC7B300B2DCC3;
			productRefGroup = 2E23A6C0226AC7B300B2DCC3 /* Products */;
			projectDirPath = "";
			projectRoot = "";
			targets = (
				2E23A6BE226AC7B300B2DCC3 /* PoliticalDebateApp_iOS */,
				2E23A6D5226AC7B400B2DCC3 /* PoliticalDebateApp_iOSTests */,
				2E23A6E0226AC7B400B2DCC3 /* PoliticalDebateApp_iOSUITests */,
			);
		};
/* End PBXProject section */

/* Begin PBXResourcesBuildPhase section */
		2E23A6BD226AC7B300B2DCC3 /* Resources */ = {
			isa = PBXResourcesBuildPhase;
			buildActionMask = 2147483647;
			files = (
				2E0D84B422A70F2600E4B0E7 /* Manrope-Medium.otf in Resources */,
				2E0D84B222A70F2600E4B0E7 /* Manrope-Bold.otf in Resources */,
				2E0D84AE22A70F2600E4B0E7 /* Manrope-Thin.otf in Resources */,
				2E23A6F8226AC7D400B2DCC3 /* README.md in Resources */,
				2E23A6F7226AC7D400B2DCC3 /* .gitignore in Resources */,
				2E0D84A722A70F2600E4B0E7 /* Manrope-Semibold.otf in Resources */,
				2E23A6F6226AC7D400B2DCC3 /* .swiftlint.yml in Resources */,
				2E0D84B122A70F2600E4B0E7 /* Manrope-Regular.otf in Resources */,
				2E0D84A822A70F2600E4B0E7 /* Manrope-Light.otf in Resources */,
				2E23A6D0226AC7B300B2DCC3 /* LaunchScreen.storyboard in Resources */,
				2E23A6CD226AC7B300B2DCC3 /* Assets.xcassets in Resources */,
			);
			runOnlyForDeploymentPostprocessing = 0;
		};
		2E23A6D4226AC7B400B2DCC3 /* Resources */ = {
			isa = PBXResourcesBuildPhase;
			buildActionMask = 2147483647;
			files = (
			);
			runOnlyForDeploymentPostprocessing = 0;
		};
		2E23A6DF226AC7B400B2DCC3 /* Resources */ = {
			isa = PBXResourcesBuildPhase;
			buildActionMask = 2147483647;
			files = (
			);
			runOnlyForDeploymentPostprocessing = 0;
		};
/* End PBXResourcesBuildPhase section */

/* Begin PBXShellScriptBuildPhase section */
		010EEA1AD172882888C5B030 /* [CP] Check Pods Manifest.lock */ = {
			isa = PBXShellScriptBuildPhase;
			buildActionMask = 2147483647;
			files = (
			);
			inputFileListPaths = (
			);
			inputPaths = (
				"${PODS_PODFILE_DIR_PATH}/Podfile.lock",
				"${PODS_ROOT}/Manifest.lock",
			);
			name = "[CP] Check Pods Manifest.lock";
			outputFileListPaths = (
			);
			outputPaths = (
				"$(DERIVED_FILE_DIR)/Pods-PoliticalDebateApp_iOS-checkManifestLockResult.txt",
			);
			runOnlyForDeploymentPostprocessing = 0;
			shellPath = /bin/sh;
			shellScript = "diff \"${PODS_PODFILE_DIR_PATH}/Podfile.lock\" \"${PODS_ROOT}/Manifest.lock\" > /dev/null\nif [ $? != 0 ] ; then\n    # print error to STDERR\n    echo \"error: The sandbox is not in sync with the Podfile.lock. Run 'pod install' or update your CocoaPods installation.\" >&2\n    exit 1\nfi\n# This output is used by Xcode 'outputs' to avoid re-running this script phase.\necho \"SUCCESS\" > \"${SCRIPT_OUTPUT_FILE_0}\"\n";
			showEnvVarsInLog = 0;
		};
		16F5F7FACC22FE88957FF779 /* [CP] Check Pods Manifest.lock */ = {
			isa = PBXShellScriptBuildPhase;
			buildActionMask = 2147483647;
			files = (
			);
			inputFileListPaths = (
			);
			inputPaths = (
				"${PODS_PODFILE_DIR_PATH}/Podfile.lock",
				"${PODS_ROOT}/Manifest.lock",
			);
			name = "[CP] Check Pods Manifest.lock";
			outputFileListPaths = (
			);
			outputPaths = (
				"$(DERIVED_FILE_DIR)/Pods-PoliticalDebateApp_iOSTests-checkManifestLockResult.txt",
			);
			runOnlyForDeploymentPostprocessing = 0;
			shellPath = /bin/sh;
			shellScript = "diff \"${PODS_PODFILE_DIR_PATH}/Podfile.lock\" \"${PODS_ROOT}/Manifest.lock\" > /dev/null\nif [ $? != 0 ] ; then\n    # print error to STDERR\n    echo \"error: The sandbox is not in sync with the Podfile.lock. Run 'pod install' or update your CocoaPods installation.\" >&2\n    exit 1\nfi\n# This output is used by Xcode 'outputs' to avoid re-running this script phase.\necho \"SUCCESS\" > \"${SCRIPT_OUTPUT_FILE_0}\"\n";
			showEnvVarsInLog = 0;
		};
		2E23A6F9226ACA5600B2DCC3 /* ShellScript */ = {
			isa = PBXShellScriptBuildPhase;
			buildActionMask = 2147483647;
			files = (
			);
			inputFileListPaths = (
			);
			inputPaths = (
			);
			outputFileListPaths = (
			);
			outputPaths = (
			);
			runOnlyForDeploymentPostprocessing = 0;
			shellPath = /bin/sh;
			shellScript = "\"${PODS_ROOT}/SwiftLint/swiftlint\"\n";
		};
		2E5C5F41226B033E0007BCAF /* ShellScript */ = {
			isa = PBXShellScriptBuildPhase;
			buildActionMask = 2147483647;
			files = (
			);
			inputFileListPaths = (
			);
			inputPaths = (
				"$(TARGET_BUILD_DIR)/$(INFOPLIST_PATH)",
			);
			outputFileListPaths = (
			);
			outputPaths = (
			);
			runOnlyForDeploymentPostprocessing = 0;
			shellPath = /bin/sh;
			shellScript = "INFO_PLIST=\"${TARGET_BUILD_DIR}/${INFOPLIST_PATH}\"\nPLISTBUDDY=\"/usr/libexec/PlistBuddy\"\n\nif [ \"${CONFIGURATION}\" == \"Debug\" ]; then\n$PLISTBUDDY -c \"Add :NSAppTransportSecurity dict\" \"${INFO_PLIST}\" || true\n$PLISTBUDDY -c \"Add :NSAppTransportSecurity:NSAllowsArbitraryLoads bool true\" \"${INFO_PLIST}\" || true\n$PLISTBUDDY -c \"Set :NSAppTransportSecurity:NSAllowsArbitraryLoads true\" \"${INFO_PLIST}\"\nelse\n$PLISTBUDDY -c \"Delete :NSAppTransportSecurity:NSAllowsArbitraryLoads\" \"${INFO_PLIST}\" || true\nfi\n\nALLOWS_ARBITRARY_LOADS_ENABLED=$($PLISTBUDDY -c \"Print :NSAppTransportSecurity:NSAllowsArbitraryLoads\" \"${INFO_PLIST}\")\nif [ \"${ALLOWS_ARBITRARY_LOADS_ENABLED}\" == \"true\" ]; then\necho \"warning: ATS is disbaled. :NSAppTransportSecurity:NSAllowsArbitraryLoads set to true. This is insecure and should not be used in release builds.\"\nfi\n";
		};
		383D76544149C5C585EE271A /* [CP] Embed Pods Frameworks */ = {
			isa = PBXShellScriptBuildPhase;
			buildActionMask = 2147483647;
			files = (
			);
			inputFileListPaths = (
			);
			inputPaths = (
				"${PODS_ROOT}/Target Support Files/Pods-PoliticalDebateApp_iOSTests/Pods-PoliticalDebateApp_iOSTests-frameworks.sh",
				"${BUILT_PRODUCTS_DIR}/RxSwift/RxSwift.framework",
				"${BUILT_PRODUCTS_DIR}/RxBlocking/RxBlocking.framework",
				"${BUILT_PRODUCTS_DIR}/RxTest/RxTest.framework",
			);
			name = "[CP] Embed Pods Frameworks";
			outputFileListPaths = (
			);
			outputPaths = (
				"${TARGET_BUILD_DIR}/${FRAMEWORKS_FOLDER_PATH}/RxSwift.framework",
				"${TARGET_BUILD_DIR}/${FRAMEWORKS_FOLDER_PATH}/RxBlocking.framework",
				"${TARGET_BUILD_DIR}/${FRAMEWORKS_FOLDER_PATH}/RxTest.framework",
			);
			runOnlyForDeploymentPostprocessing = 0;
			shellPath = /bin/sh;
			shellScript = "\"${PODS_ROOT}/Target Support Files/Pods-PoliticalDebateApp_iOSTests/Pods-PoliticalDebateApp_iOSTests-frameworks.sh\"\n";
			showEnvVarsInLog = 0;
		};
		90B9B5BB8420D5E1919E30EF /* [CP] Embed Pods Frameworks */ = {
			isa = PBXShellScriptBuildPhase;
			buildActionMask = 2147483647;
			files = (
			);
			inputFileListPaths = (
			);
			inputPaths = (
				"${PODS_ROOT}/Target Support Files/Pods-PoliticalDebateApp_iOS/Pods-PoliticalDebateApp_iOS-frameworks.sh",
				"${BUILT_PRODUCTS_DIR}/Alamofire/Alamofire.framework",
				"${BUILT_PRODUCTS_DIR}/Moya/Moya.framework",
				"${BUILT_PRODUCTS_DIR}/Result/Result.framework",
				"${BUILT_PRODUCTS_DIR}/RxCocoa/RxCocoa.framework",
				"${BUILT_PRODUCTS_DIR}/RxSwift/RxSwift.framework",
				"${BUILT_PRODUCTS_DIR}/RxSwiftExt/RxSwiftExt.framework",
			);
			name = "[CP] Embed Pods Frameworks";
			outputFileListPaths = (
			);
			outputPaths = (
				"${TARGET_BUILD_DIR}/${FRAMEWORKS_FOLDER_PATH}/Alamofire.framework",
				"${TARGET_BUILD_DIR}/${FRAMEWORKS_FOLDER_PATH}/Moya.framework",
				"${TARGET_BUILD_DIR}/${FRAMEWORKS_FOLDER_PATH}/Result.framework",
				"${TARGET_BUILD_DIR}/${FRAMEWORKS_FOLDER_PATH}/RxCocoa.framework",
				"${TARGET_BUILD_DIR}/${FRAMEWORKS_FOLDER_PATH}/RxSwift.framework",
				"${TARGET_BUILD_DIR}/${FRAMEWORKS_FOLDER_PATH}/RxSwiftExt.framework",
			);
			runOnlyForDeploymentPostprocessing = 0;
			shellPath = /bin/sh;
			shellScript = "\"${PODS_ROOT}/Target Support Files/Pods-PoliticalDebateApp_iOS/Pods-PoliticalDebateApp_iOS-frameworks.sh\"\n";
			showEnvVarsInLog = 0;
		};
		B580ABBAEBE0A9EA58A0839F /* [CP] Check Pods Manifest.lock */ = {
			isa = PBXShellScriptBuildPhase;
			buildActionMask = 2147483647;
			files = (
			);
			inputFileListPaths = (
			);
			inputPaths = (
				"${PODS_PODFILE_DIR_PATH}/Podfile.lock",
				"${PODS_ROOT}/Manifest.lock",
			);
			name = "[CP] Check Pods Manifest.lock";
			outputFileListPaths = (
			);
			outputPaths = (
				"$(DERIVED_FILE_DIR)/Pods-PoliticalDebateApp_iOSUITests-checkManifestLockResult.txt",
			);
			runOnlyForDeploymentPostprocessing = 0;
			shellPath = /bin/sh;
			shellScript = "diff \"${PODS_PODFILE_DIR_PATH}/Podfile.lock\" \"${PODS_ROOT}/Manifest.lock\" > /dev/null\nif [ $? != 0 ] ; then\n    # print error to STDERR\n    echo \"error: The sandbox is not in sync with the Podfile.lock. Run 'pod install' or update your CocoaPods installation.\" >&2\n    exit 1\nfi\n# This output is used by Xcode 'outputs' to avoid re-running this script phase.\necho \"SUCCESS\" > \"${SCRIPT_OUTPUT_FILE_0}\"\n";
			showEnvVarsInLog = 0;
		};
/* End PBXShellScriptBuildPhase section */

/* Begin PBXSourcesBuildPhase section */
		2E23A6BB226AC7B300B2DCC3 /* Sources */ = {
			isa = PBXSourcesBuildPhase;
			buildActionMask = 2147483647;
			files = (
				2E2BB06222F2AA9D00ED02C0 /* EmailAndPasswordValidator.swift in Sources */,
				2EBE46C622BBD5180087BC56 /* DebugLog.swift in Sources */,
				2EEDE91222BEE980000A4F2B /* ProgressCoreDataAPI.swift in Sources */,
				2E96743B226BDA8A00821A73 /* KeychainService.swift in Sources */,
				2E23A708226ADA6200B2DCC3 /* NetworkService.swift in Sources */,
				2E69094D22A4932700DF486A /* StarredAPI.swift in Sources */,
				2E23A702226ACE5600B2DCC3 /* Debate.swift in Sources */,
				2E30A8E922BF4773007E386A /* SafelyShowAlert.swift in Sources */,
				2EA3D1A2228D35AC00019324 /* AuthAPI.swift in Sources */,
				2ED614DE22E0382300BB19FF /* StubAccess.swift in Sources */,
				2E967439226BD34E00821A73 /* SessionManager.swift in Sources */,
				2EC194BC22A6E54F006134F8 /* UIView+SafeAreaLayoutAnchor.swift in Sources */,
				2E30A8E522BF4587007E386A /* StarredCoreDataAPI.swift in Sources */,
				2EC194BD22A6E54F006134F8 /* UIViewController+SafeAreaLayoutAnchor.swift in Sources */,
				2E36796522A4B278008190FE /* Progress.swift in Sources */,
				2E967442226BE91C00821A73 /* UserDataManager.swift in Sources */,
				2E0D84BC22A7952F00E4B0E7 /* LoginOrRegisterViewModel.swift in Sources */,
				2E23A6C5226AC7B300B2DCC3 /* DebatesListViewController.swift in Sources */,
				2E3A0C8A22D707BC00087B2A /* Point.swift in Sources */,
				2E0D848422A6E60200E4B0E7 /* NSLayoutConstraint+Priority.swift in Sources */,
				2E23A6CB226AC7B300B2DCC3 /* PoliticalDebateApp_iOS.xcdatamodeld in Sources */,
				2E5C5F43226B08220007BCAF /* String+Date.swift in Sources */,
				2E287CBF22DC4A7B000A4CF2 /* NotificationBannerViewModel.swift in Sources */,
				2E287CBE22DC4A7B000A4CF2 /* NotificationBannerView.swift in Sources */,
				2E967440226BE91000821A73 /* CoreDataService.swift in Sources */,
				2E2BB06822F2D66800ED02C0 /* BackendErrorMessage.swift in Sources */,
				2E0D84BE22A7953A00E4B0E7 /* AccountViewController.swift in Sources */,
				2E69094722A4931100DF486A /* ProgressAPI.swift in Sources */,
				2E5C5F58226B29E90007BCAF /* DebateAPI+Testing.swift in Sources */,
				2E0D848A22A7057300E4B0E7 /* UIColor+Custom.swift in Sources */,
				2E36796722A4B280008190FE /* Starred.swift in Sources */,
				2E0D84C022A7954300E4B0E7 /* AccountViewModel.swift in Sources */,
				2E5C5F45226B0DFD0007BCAF /* PlainDjangoEncoding.swift in Sources */,
				2E0D84BA22A7952400E4B0E7 /* LoginOrRegisterViewController.swift in Sources */,
				2E23A6C3226AC7B300B2DCC3 /* AppDelegate.swift in Sources */,
				2E0D848622A6FA9C00E4B0E7 /* DebatesListViewModel.swift in Sources */,
				2EC7890822D059FE009402F1 /* ErrorHandler.swift in Sources */,
				2E0D848822A7054A00E4B0E7 /* UIFont+Custom.swift in Sources */,
				2EA3D1A4228D35C000019324 /* AuthAPI+Testing.swift in Sources */,
				2E69095022A4933400DF486A /* StarredAPI+Testing.swift in Sources */,
				2E69094A22A4931E00DF486A /* ProgressAPI+Testing.swift in Sources */,
				2E2BB06622F2C95D00ED02C0 /* BasicUIElementFactory.swift in Sources */,
				2E23A705226AD39200B2DCC3 /* DebateAPI.swift in Sources */,
				2E23A713226AE36600B2DCC3 /* Constants.swift in Sources */,
				2E287CBD22DC4A7B000A4CF2 /* BannerOnScreen.swift in Sources */,
				2EF1E59B22DC688200C93DFB /* ButtonWithActionClosure.swift in Sources */,
				2E287CC022DC4A7B000A4CF2 /* NotificationBannerQueue.swift in Sources */,
				2ED2FDA22290CC210093B6A7 /* TokenPair.swift in Sources */,
				2E2BB06422F2C05C00ED02C0 /* ReactiveKeyboardProtocol.swift in Sources */,
			);
			runOnlyForDeploymentPostprocessing = 0;
		};
		2E23A6D2226AC7B400B2DCC3 /* Sources */ = {
			isa = PBXSourcesBuildPhase;
			buildActionMask = 2147483647;
			files = (
				2E30A91A22BF4BED007E386A /* String+Date.swift in Sources */,
				2E30A90022BF4BED007E386A /* LoginOrRegisterViewController.swift in Sources */,
				2E30A91B22BF4BED007E386A /* PlainDjangoEncoding.swift in Sources */,
				2E30A91C22BF4BED007E386A /* UIFont+Custom.swift in Sources */,
				2E30A92022BF4BED007E386A /* AppDelegate.swift in Sources */,
				2E30A91922BF4BED007E386A /* Constants.swift in Sources */,
				2E30A91F22BF4BED007E386A /* SafelyShowAlert.swift in Sources */,
				2E30A8FE22BF4BED007E386A /* AccountViewModel.swift in Sources */,
				2E23A6DB226AC7B400B2DCC3 /* NetworkAPITests.swift in Sources */,
				2E30A91322BF4BED007E386A /* ProgressAPI+Testing.swift in Sources */,
				2E30A90922BF4BED007E386A /* NetworkService.swift in Sources */,
				2E30A90722BF4BED007E386A /* UserDataManager.swift in Sources */,
				2E30A92522BFE33F007E386A /* CoreDataService.swift in Sources */,
				2E30A91422BF4BED007E386A /* StarredAPI.swift in Sources */,
				2E30A8FD22BF4BED007E386A /* LoginOrRegisterViewModel.swift in Sources */,
				2E30A91D22BF4BED007E386A /* UIColor+Custom.swift in Sources */,
				2E3A0C8B22D7087D00087B2A /* Point.swift in Sources */,
				2E30A91822BF4BED007E386A /* UIViewController+SafeAreaLayoutAnchor.swift in Sources */,
				2E30A90122BF4BED007E386A /* AccountViewController.swift in Sources */,
				2E30A90322BF4BED007E386A /* TokenPair.swift in Sources */,
				2E30A90622BF4BED007E386A /* SessionManager.swift in Sources */,
				2E30A91222BF4BED007E386A /* ProgressAPI.swift in Sources */,
				2E30A91122BF4BED007E386A /* AuthAPI+Testing.swift in Sources */,
				2E30A91E22BF4BED007E386A /* DebugLog.swift in Sources */,
				2E30A90422BF4BED007E386A /* Progress.swift in Sources */,
				2E30A91722BF4BED007E386A /* UIView+SafeAreaLayoutAnchor.swift in Sources */,
				2E30A90D22BF4BED007E386A /* StarredCoreDataAPI.swift in Sources */,
				2E30A91022BF4BED007E386A /* AuthAPI.swift in Sources */,
				2E30A90522BF4BED007E386A /* Starred.swift in Sources */,
				2E30A92222BFE168007E386A /* ProgressCoreDataAPI.swift in Sources */,
				2E30A91622BF4BED007E386A /* NSLayoutConstraint+Priority.swift in Sources */,
				2E30A90A22BF4BED007E386A /* KeychainService.swift in Sources */,
				2E30A90F22BF4BED007E386A /* DebateAPI+Testing.swift in Sources */,
				2E30A8FF22BF4BED007E386A /* DebatesListViewController.swift in Sources */,
				2E30A91522BF4BED007E386A /* StarredAPI+Testing.swift in Sources */,
				2E30A8FC22BF4BED007E386A /* DebatesListViewModel.swift in Sources */,
				2E30A90E22BF4BED007E386A /* DebateAPI.swift in Sources */,
				2E30A92422BFE25A007E386A /* PoliticalDebateApp_iOS.xcdatamodeld in Sources */,
				2E30A90222BF4BED007E386A /* Debate.swift in Sources */,
				2E5C5F59226B2A0C0007BCAF /* StubAccess.swift in Sources */,
			);
			runOnlyForDeploymentPostprocessing = 0;
		};
		2E23A6DD226AC7B400B2DCC3 /* Sources */ = {
			isa = PBXSourcesBuildPhase;
			buildActionMask = 2147483647;
			files = (
				2E23A6E6226AC7B400B2DCC3 /* PoliticalDebateApp_iOSUITests.swift in Sources */,
			);
			runOnlyForDeploymentPostprocessing = 0;
		};
/* End PBXSourcesBuildPhase section */

/* Begin PBXTargetDependency section */
		2E23A6D8226AC7B400B2DCC3 /* PBXTargetDependency */ = {
			isa = PBXTargetDependency;
			target = 2E23A6BE226AC7B300B2DCC3 /* PoliticalDebateApp_iOS */;
			targetProxy = 2E23A6D7226AC7B400B2DCC3 /* PBXContainerItemProxy */;
		};
		2E23A6E3226AC7B400B2DCC3 /* PBXTargetDependency */ = {
			isa = PBXTargetDependency;
			target = 2E23A6BE226AC7B300B2DCC3 /* PoliticalDebateApp_iOS */;
			targetProxy = 2E23A6E2226AC7B400B2DCC3 /* PBXContainerItemProxy */;
		};
/* End PBXTargetDependency section */

/* Begin PBXVariantGroup section */
		2E23A6CE226AC7B300B2DCC3 /* LaunchScreen.storyboard */ = {
			isa = PBXVariantGroup;
			children = (
				2E23A6CF226AC7B300B2DCC3 /* Base */,
			);
			name = LaunchScreen.storyboard;
			sourceTree = "<group>";
		};
/* End PBXVariantGroup section */

/* Begin XCBuildConfiguration section */
		2E23A6E8226AC7B400B2DCC3 /* Debug */ = {
			isa = XCBuildConfiguration;
			buildSettings = {
				ALWAYS_SEARCH_USER_PATHS = NO;
				CLANG_ANALYZER_NONNULL = YES;
				CLANG_ANALYZER_NUMBER_OBJECT_CONVERSION = YES_AGGRESSIVE;
				CLANG_CXX_LANGUAGE_STANDARD = "gnu++14";
				CLANG_CXX_LIBRARY = "libc++";
				CLANG_ENABLE_MODULES = YES;
				CLANG_ENABLE_OBJC_ARC = YES;
				CLANG_ENABLE_OBJC_WEAK = YES;
				CLANG_WARN_BLOCK_CAPTURE_AUTORELEASING = YES;
				CLANG_WARN_BOOL_CONVERSION = YES;
				CLANG_WARN_COMMA = YES;
				CLANG_WARN_CONSTANT_CONVERSION = YES;
				CLANG_WARN_DEPRECATED_OBJC_IMPLEMENTATIONS = YES;
				CLANG_WARN_DIRECT_OBJC_ISA_USAGE = YES_ERROR;
				CLANG_WARN_DOCUMENTATION_COMMENTS = YES;
				CLANG_WARN_EMPTY_BODY = YES;
				CLANG_WARN_ENUM_CONVERSION = YES;
				CLANG_WARN_INFINITE_RECURSION = YES;
				CLANG_WARN_INT_CONVERSION = YES;
				CLANG_WARN_NON_LITERAL_NULL_CONVERSION = YES;
				CLANG_WARN_OBJC_IMPLICIT_RETAIN_SELF = YES;
				CLANG_WARN_OBJC_LITERAL_CONVERSION = YES;
				CLANG_WARN_OBJC_ROOT_CLASS = YES_ERROR;
				CLANG_WARN_RANGE_LOOP_ANALYSIS = YES;
				CLANG_WARN_STRICT_PROTOTYPES = YES;
				CLANG_WARN_SUSPICIOUS_MOVE = YES;
				CLANG_WARN_UNGUARDED_AVAILABILITY = YES_AGGRESSIVE;
				CLANG_WARN_UNREACHABLE_CODE = YES;
				CLANG_WARN__DUPLICATE_METHOD_MATCH = YES;
				CODE_SIGN_IDENTITY = "iPhone Developer";
				COPY_PHASE_STRIP = NO;
				DEBUG_INFORMATION_FORMAT = dwarf;
				ENABLE_STRICT_OBJC_MSGSEND = YES;
				ENABLE_TESTABILITY = YES;
				GCC_C_LANGUAGE_STANDARD = gnu11;
				GCC_DYNAMIC_NO_PIC = NO;
				GCC_NO_COMMON_BLOCKS = YES;
				GCC_OPTIMIZATION_LEVEL = 0;
				GCC_PREPROCESSOR_DEFINITIONS = (
					"DEBUG=1",
					"$(inherited)",
				);
				GCC_WARN_64_TO_32_BIT_CONVERSION = YES;
				GCC_WARN_ABOUT_RETURN_TYPE = YES_ERROR;
				GCC_WARN_UNDECLARED_SELECTOR = YES;
				GCC_WARN_UNINITIALIZED_AUTOS = YES_AGGRESSIVE;
				GCC_WARN_UNUSED_FUNCTION = YES;
				GCC_WARN_UNUSED_VARIABLE = YES;
				IPHONEOS_DEPLOYMENT_TARGET = 10.0;
				MTL_ENABLE_DEBUG_INFO = INCLUDE_SOURCE;
				MTL_FAST_MATH = YES;
				ONLY_ACTIVE_ARCH = YES;
				SDKROOT = iphoneos;
				SWIFT_ACTIVE_COMPILATION_CONDITIONS = DEBUG;
				SWIFT_OPTIMIZATION_LEVEL = "-Onone";
			};
			name = Debug;
		};
		2E23A6E9226AC7B400B2DCC3 /* Release */ = {
			isa = XCBuildConfiguration;
			buildSettings = {
				ALWAYS_SEARCH_USER_PATHS = NO;
				CLANG_ANALYZER_NONNULL = YES;
				CLANG_ANALYZER_NUMBER_OBJECT_CONVERSION = YES_AGGRESSIVE;
				CLANG_CXX_LANGUAGE_STANDARD = "gnu++14";
				CLANG_CXX_LIBRARY = "libc++";
				CLANG_ENABLE_MODULES = YES;
				CLANG_ENABLE_OBJC_ARC = YES;
				CLANG_ENABLE_OBJC_WEAK = YES;
				CLANG_WARN_BLOCK_CAPTURE_AUTORELEASING = YES;
				CLANG_WARN_BOOL_CONVERSION = YES;
				CLANG_WARN_COMMA = YES;
				CLANG_WARN_CONSTANT_CONVERSION = YES;
				CLANG_WARN_DEPRECATED_OBJC_IMPLEMENTATIONS = YES;
				CLANG_WARN_DIRECT_OBJC_ISA_USAGE = YES_ERROR;
				CLANG_WARN_DOCUMENTATION_COMMENTS = YES;
				CLANG_WARN_EMPTY_BODY = YES;
				CLANG_WARN_ENUM_CONVERSION = YES;
				CLANG_WARN_INFINITE_RECURSION = YES;
				CLANG_WARN_INT_CONVERSION = YES;
				CLANG_WARN_NON_LITERAL_NULL_CONVERSION = YES;
				CLANG_WARN_OBJC_IMPLICIT_RETAIN_SELF = YES;
				CLANG_WARN_OBJC_LITERAL_CONVERSION = YES;
				CLANG_WARN_OBJC_ROOT_CLASS = YES_ERROR;
				CLANG_WARN_RANGE_LOOP_ANALYSIS = YES;
				CLANG_WARN_STRICT_PROTOTYPES = YES;
				CLANG_WARN_SUSPICIOUS_MOVE = YES;
				CLANG_WARN_UNGUARDED_AVAILABILITY = YES_AGGRESSIVE;
				CLANG_WARN_UNREACHABLE_CODE = YES;
				CLANG_WARN__DUPLICATE_METHOD_MATCH = YES;
				CODE_SIGN_IDENTITY = "iPhone Developer";
				COPY_PHASE_STRIP = NO;
				DEBUG_INFORMATION_FORMAT = "dwarf-with-dsym";
				ENABLE_NS_ASSERTIONS = NO;
				ENABLE_STRICT_OBJC_MSGSEND = YES;
				GCC_C_LANGUAGE_STANDARD = gnu11;
				GCC_NO_COMMON_BLOCKS = YES;
				GCC_WARN_64_TO_32_BIT_CONVERSION = YES;
				GCC_WARN_ABOUT_RETURN_TYPE = YES_ERROR;
				GCC_WARN_UNDECLARED_SELECTOR = YES;
				GCC_WARN_UNINITIALIZED_AUTOS = YES_AGGRESSIVE;
				GCC_WARN_UNUSED_FUNCTION = YES;
				GCC_WARN_UNUSED_VARIABLE = YES;
				IPHONEOS_DEPLOYMENT_TARGET = 10.0;
				MTL_ENABLE_DEBUG_INFO = NO;
				MTL_FAST_MATH = YES;
				SDKROOT = iphoneos;
				SWIFT_COMPILATION_MODE = wholemodule;
				SWIFT_OPTIMIZATION_LEVEL = "-O";
				VALIDATE_PRODUCT = YES;
			};
			name = Release;
		};
		2E23A6EB226AC7B400B2DCC3 /* Debug */ = {
			isa = XCBuildConfiguration;
			baseConfigurationReference = 2162EE9CB2F8CA1A2CF41A7A /* Pods-PoliticalDebateApp_iOS.debug.xcconfig */;
			buildSettings = {
				ASSETCATALOG_COMPILER_APPICON_NAME = AppIcon;
				CODE_SIGN_STYLE = Automatic;
				DEVELOPMENT_TEAM = U64BTXUUVE;
				INFOPLIST_FILE = PoliticalDebateApp_iOS/Info.plist;
				IPHONEOS_DEPLOYMENT_TARGET = 10.0;
				LD_RUNPATH_SEARCH_PATHS = (
					"$(inherited)",
					"@executable_path/Frameworks",
				);
				PRODUCT_BUNDLE_IDENTIFIER = "com.PoliticalDebateApp-iOS";
				PRODUCT_NAME = "$(TARGET_NAME)";
				SWIFT_VERSION = 5.0;
				TARGETED_DEVICE_FAMILY = "1,2";
			};
			name = Debug;
		};
		2E23A6EC226AC7B400B2DCC3 /* Release */ = {
			isa = XCBuildConfiguration;
			baseConfigurationReference = 7A7E42EE5FCED9A963BBF6E4 /* Pods-PoliticalDebateApp_iOS.release.xcconfig */;
			buildSettings = {
				ASSETCATALOG_COMPILER_APPICON_NAME = AppIcon;
				CODE_SIGN_STYLE = Automatic;
				DEVELOPMENT_TEAM = U64BTXUUVE;
				INFOPLIST_FILE = PoliticalDebateApp_iOS/Info.plist;
				IPHONEOS_DEPLOYMENT_TARGET = 10.0;
				LD_RUNPATH_SEARCH_PATHS = (
					"$(inherited)",
					"@executable_path/Frameworks",
				);
				PRODUCT_BUNDLE_IDENTIFIER = "com.PoliticalDebateApp-iOS";
				PRODUCT_NAME = "$(TARGET_NAME)";
				SWIFT_VERSION = 5.0;
				TARGETED_DEVICE_FAMILY = "1,2";
			};
			name = Release;
		};
		2E23A6EE226AC7B400B2DCC3 /* Debug */ = {
			isa = XCBuildConfiguration;
			baseConfigurationReference = AFCB4D323C984F53B2217668 /* Pods-PoliticalDebateApp_iOSTests.debug.xcconfig */;
			buildSettings = {
				ALWAYS_EMBED_SWIFT_STANDARD_LIBRARIES = "$(inherited)";
				BUNDLE_LOADER = "$(TEST_HOST)";
				CODE_SIGN_STYLE = Automatic;
				DEVELOPMENT_TEAM = U64BTXUUVE;
				INFOPLIST_FILE = PoliticalDebateApp_iOSTests/Info.plist;
				LD_RUNPATH_SEARCH_PATHS = (
					"$(inherited)",
					"@executable_path/Frameworks",
					"@loader_path/Frameworks",
				);
				PRODUCT_BUNDLE_IDENTIFIER = "com.PoliticalDebateApp-iOSTests";
				PRODUCT_NAME = "$(TARGET_NAME)";
				SWIFT_VERSION = 5.0;
				TARGETED_DEVICE_FAMILY = "1,2";
				TEST_HOST = "$(BUILT_PRODUCTS_DIR)/PoliticalDebateApp_iOS.app/PoliticalDebateApp_iOS";
			};
			name = Debug;
		};
		2E23A6EF226AC7B400B2DCC3 /* Release */ = {
			isa = XCBuildConfiguration;
			baseConfigurationReference = AAC19EF7DF8E9E43D162A455 /* Pods-PoliticalDebateApp_iOSTests.release.xcconfig */;
			buildSettings = {
				ALWAYS_EMBED_SWIFT_STANDARD_LIBRARIES = "$(inherited)";
				BUNDLE_LOADER = "$(TEST_HOST)";
				CODE_SIGN_STYLE = Automatic;
				DEVELOPMENT_TEAM = U64BTXUUVE;
				INFOPLIST_FILE = PoliticalDebateApp_iOSTests/Info.plist;
				LD_RUNPATH_SEARCH_PATHS = (
					"$(inherited)",
					"@executable_path/Frameworks",
					"@loader_path/Frameworks",
				);
				PRODUCT_BUNDLE_IDENTIFIER = "com.PoliticalDebateApp-iOSTests";
				PRODUCT_NAME = "$(TARGET_NAME)";
				SWIFT_VERSION = 5.0;
				TARGETED_DEVICE_FAMILY = "1,2";
				TEST_HOST = "$(BUILT_PRODUCTS_DIR)/PoliticalDebateApp_iOS.app/PoliticalDebateApp_iOS";
			};
			name = Release;
		};
		2E23A6F1226AC7B400B2DCC3 /* Debug */ = {
			isa = XCBuildConfiguration;
			baseConfigurationReference = E6FC36CDDAF615B806EA261D /* Pods-PoliticalDebateApp_iOSUITests.debug.xcconfig */;
			buildSettings = {
				ALWAYS_EMBED_SWIFT_STANDARD_LIBRARIES = "$(inherited)";
				CODE_SIGN_STYLE = Automatic;
				DEVELOPMENT_TEAM = U64BTXUUVE;
				INFOPLIST_FILE = PoliticalDebateApp_iOSUITests/Info.plist;
				LD_RUNPATH_SEARCH_PATHS = (
					"$(inherited)",
					"@executable_path/Frameworks",
					"@loader_path/Frameworks",
				);
				PRODUCT_BUNDLE_IDENTIFIER = "com.PoliticalDebateApp-iOSUITests";
				PRODUCT_NAME = "$(TARGET_NAME)";
				SWIFT_VERSION = 5.0;
				TARGETED_DEVICE_FAMILY = "1,2";
				TEST_TARGET_NAME = PoliticalDebateApp_iOS;
			};
			name = Debug;
		};
		2E23A6F2226AC7B400B2DCC3 /* Release */ = {
			isa = XCBuildConfiguration;
			baseConfigurationReference = A4042BE1D4716D71FE5919AA /* Pods-PoliticalDebateApp_iOSUITests.release.xcconfig */;
			buildSettings = {
				ALWAYS_EMBED_SWIFT_STANDARD_LIBRARIES = "$(inherited)";
				CODE_SIGN_STYLE = Automatic;
				DEVELOPMENT_TEAM = U64BTXUUVE;
				INFOPLIST_FILE = PoliticalDebateApp_iOSUITests/Info.plist;
				LD_RUNPATH_SEARCH_PATHS = (
					"$(inherited)",
					"@executable_path/Frameworks",
					"@loader_path/Frameworks",
				);
				PRODUCT_BUNDLE_IDENTIFIER = "com.PoliticalDebateApp-iOSUITests";
				PRODUCT_NAME = "$(TARGET_NAME)";
				SWIFT_VERSION = 5.0;
				TARGETED_DEVICE_FAMILY = "1,2";
				TEST_TARGET_NAME = PoliticalDebateApp_iOS;
			};
			name = Release;
		};
		2E7D187922BEE7DA00D570D8 /* Test */ = {
			isa = XCBuildConfiguration;
			buildSettings = {
				ALWAYS_SEARCH_USER_PATHS = NO;
				CLANG_ANALYZER_NONNULL = YES;
				CLANG_ANALYZER_NUMBER_OBJECT_CONVERSION = YES_AGGRESSIVE;
				CLANG_CXX_LANGUAGE_STANDARD = "gnu++14";
				CLANG_CXX_LIBRARY = "libc++";
				CLANG_ENABLE_MODULES = YES;
				CLANG_ENABLE_OBJC_ARC = YES;
				CLANG_ENABLE_OBJC_WEAK = YES;
				CLANG_WARN_BLOCK_CAPTURE_AUTORELEASING = YES;
				CLANG_WARN_BOOL_CONVERSION = YES;
				CLANG_WARN_COMMA = YES;
				CLANG_WARN_CONSTANT_CONVERSION = YES;
				CLANG_WARN_DEPRECATED_OBJC_IMPLEMENTATIONS = YES;
				CLANG_WARN_DIRECT_OBJC_ISA_USAGE = YES_ERROR;
				CLANG_WARN_DOCUMENTATION_COMMENTS = YES;
				CLANG_WARN_EMPTY_BODY = YES;
				CLANG_WARN_ENUM_CONVERSION = YES;
				CLANG_WARN_INFINITE_RECURSION = YES;
				CLANG_WARN_INT_CONVERSION = YES;
				CLANG_WARN_NON_LITERAL_NULL_CONVERSION = YES;
				CLANG_WARN_OBJC_IMPLICIT_RETAIN_SELF = YES;
				CLANG_WARN_OBJC_LITERAL_CONVERSION = YES;
				CLANG_WARN_OBJC_ROOT_CLASS = YES_ERROR;
				CLANG_WARN_RANGE_LOOP_ANALYSIS = YES;
				CLANG_WARN_STRICT_PROTOTYPES = YES;
				CLANG_WARN_SUSPICIOUS_MOVE = YES;
				CLANG_WARN_UNGUARDED_AVAILABILITY = YES_AGGRESSIVE;
				CLANG_WARN_UNREACHABLE_CODE = YES;
				CLANG_WARN__DUPLICATE_METHOD_MATCH = YES;
				CODE_SIGN_IDENTITY = "iPhone Developer";
				COPY_PHASE_STRIP = NO;
				DEBUG_INFORMATION_FORMAT = dwarf;
				ENABLE_STRICT_OBJC_MSGSEND = YES;
				ENABLE_TESTABILITY = YES;
				GCC_C_LANGUAGE_STANDARD = gnu11;
				GCC_DYNAMIC_NO_PIC = NO;
				GCC_NO_COMMON_BLOCKS = YES;
				GCC_OPTIMIZATION_LEVEL = 0;
				GCC_PREPROCESSOR_DEFINITIONS = (
					"TEST=1",
					"DEBUG=1",
					"$(inherited)",
				);
				GCC_WARN_64_TO_32_BIT_CONVERSION = YES;
				GCC_WARN_ABOUT_RETURN_TYPE = YES_ERROR;
				GCC_WARN_UNDECLARED_SELECTOR = YES;
				GCC_WARN_UNINITIALIZED_AUTOS = YES_AGGRESSIVE;
				GCC_WARN_UNUSED_FUNCTION = YES;
				GCC_WARN_UNUSED_VARIABLE = YES;
				IPHONEOS_DEPLOYMENT_TARGET = 10.0;
				MTL_ENABLE_DEBUG_INFO = INCLUDE_SOURCE;
				MTL_FAST_MATH = YES;
				ONLY_ACTIVE_ARCH = YES;
				SDKROOT = iphoneos;
				SWIFT_ACTIVE_COMPILATION_CONDITIONS = TEST;
				SWIFT_OPTIMIZATION_LEVEL = "-Onone";
			};
			name = Test;
		};
		2E7D187A22BEE7DA00D570D8 /* Test */ = {
			isa = XCBuildConfiguration;
			baseConfigurationReference = ADB9BD0CDD1CBE12528061F6 /* Pods-PoliticalDebateApp_iOS.test.xcconfig */;
			buildSettings = {
				ASSETCATALOG_COMPILER_APPICON_NAME = AppIcon;
				CODE_SIGN_STYLE = Automatic;
				DEVELOPMENT_TEAM = U64BTXUUVE;
				INFOPLIST_FILE = PoliticalDebateApp_iOS/Info.plist;
				IPHONEOS_DEPLOYMENT_TARGET = 10.0;
				LD_RUNPATH_SEARCH_PATHS = (
					"$(inherited)",
					"@executable_path/Frameworks",
				);
				PRODUCT_BUNDLE_IDENTIFIER = "com.PoliticalDebateApp-iOS";
				PRODUCT_NAME = "$(TARGET_NAME)";
				SWIFT_VERSION = 5.0;
				TARGETED_DEVICE_FAMILY = "1,2";
			};
			name = Test;
		};
		2E7D187B22BEE7DA00D570D8 /* Test */ = {
			isa = XCBuildConfiguration;
			baseConfigurationReference = BB4B5C9A06643441D9D82F7F /* Pods-PoliticalDebateApp_iOSTests.test.xcconfig */;
			buildSettings = {
				ALWAYS_EMBED_SWIFT_STANDARD_LIBRARIES = "$(inherited)";
				BUNDLE_LOADER = "$(TEST_HOST)";
				CODE_SIGN_STYLE = Automatic;
				DEVELOPMENT_TEAM = U64BTXUUVE;
				INFOPLIST_FILE = PoliticalDebateApp_iOSTests/Info.plist;
				LD_RUNPATH_SEARCH_PATHS = (
					"$(inherited)",
					"@executable_path/Frameworks",
					"@loader_path/Frameworks",
				);
				PRODUCT_BUNDLE_IDENTIFIER = "com.PoliticalDebateApp-iOSTests";
				PRODUCT_NAME = "$(TARGET_NAME)";
				SWIFT_VERSION = 5.0;
				TARGETED_DEVICE_FAMILY = "1,2";
				TEST_HOST = "$(BUILT_PRODUCTS_DIR)/PoliticalDebateApp_iOS.app/PoliticalDebateApp_iOS";
			};
			name = Test;
		};
		2E7D187C22BEE7DA00D570D8 /* Test */ = {
			isa = XCBuildConfiguration;
			baseConfigurationReference = C0ABC1F301196AEFDF8D01AC /* Pods-PoliticalDebateApp_iOSUITests.test.xcconfig */;
			buildSettings = {
				ALWAYS_EMBED_SWIFT_STANDARD_LIBRARIES = "$(inherited)";
				CODE_SIGN_STYLE = Automatic;
				DEVELOPMENT_TEAM = U64BTXUUVE;
				INFOPLIST_FILE = PoliticalDebateApp_iOSUITests/Info.plist;
				LD_RUNPATH_SEARCH_PATHS = (
					"$(inherited)",
					"@executable_path/Frameworks",
					"@loader_path/Frameworks",
				);
				PRODUCT_BUNDLE_IDENTIFIER = "com.PoliticalDebateApp-iOSUITests";
				PRODUCT_NAME = "$(TARGET_NAME)";
				SWIFT_VERSION = 5.0;
				TARGETED_DEVICE_FAMILY = "1,2";
				TEST_TARGET_NAME = PoliticalDebateApp_iOS;
			};
			name = Test;
		};
/* End XCBuildConfiguration section */

/* Begin XCConfigurationList section */
		2E23A6BA226AC7B300B2DCC3 /* Build configuration list for PBXProject "PoliticalDebateApp_iOS" */ = {
			isa = XCConfigurationList;
			buildConfigurations = (
				2E23A6E8226AC7B400B2DCC3 /* Debug */,
				2E7D187922BEE7DA00D570D8 /* Test */,
				2E23A6E9226AC7B400B2DCC3 /* Release */,
			);
			defaultConfigurationIsVisible = 0;
			defaultConfigurationName = Release;
		};
		2E23A6EA226AC7B400B2DCC3 /* Build configuration list for PBXNativeTarget "PoliticalDebateApp_iOS" */ = {
			isa = XCConfigurationList;
			buildConfigurations = (
				2E23A6EB226AC7B400B2DCC3 /* Debug */,
				2E7D187A22BEE7DA00D570D8 /* Test */,
				2E23A6EC226AC7B400B2DCC3 /* Release */,
			);
			defaultConfigurationIsVisible = 0;
			defaultConfigurationName = Release;
		};
		2E23A6ED226AC7B400B2DCC3 /* Build configuration list for PBXNativeTarget "PoliticalDebateApp_iOSTests" */ = {
			isa = XCConfigurationList;
			buildConfigurations = (
				2E23A6EE226AC7B400B2DCC3 /* Debug */,
				2E7D187B22BEE7DA00D570D8 /* Test */,
				2E23A6EF226AC7B400B2DCC3 /* Release */,
			);
			defaultConfigurationIsVisible = 0;
			defaultConfigurationName = Release;
		};
		2E23A6F0226AC7B400B2DCC3 /* Build configuration list for PBXNativeTarget "PoliticalDebateApp_iOSUITests" */ = {
			isa = XCConfigurationList;
			buildConfigurations = (
				2E23A6F1226AC7B400B2DCC3 /* Debug */,
				2E7D187C22BEE7DA00D570D8 /* Test */,
				2E23A6F2226AC7B400B2DCC3 /* Release */,
			);
			defaultConfigurationIsVisible = 0;
			defaultConfigurationName = Release;
		};
/* End XCConfigurationList section */

/* Begin XCVersionGroup section */
		2E23A6C9226AC7B300B2DCC3 /* PoliticalDebateApp_iOS.xcdatamodeld */ = {
			isa = XCVersionGroup;
			children = (
				2E23A6CA226AC7B300B2DCC3 /* PoliticalDebateApp_iOS.xcdatamodel */,
			);
			currentVersion = 2E23A6CA226AC7B300B2DCC3 /* PoliticalDebateApp_iOS.xcdatamodel */;
			path = PoliticalDebateApp_iOS.xcdatamodeld;
			sourceTree = "<group>";
			versionGroupType = wrapper.xcdatamodel;
		};
/* End XCVersionGroup section */
	};
	rootObject = 2E23A6B7226AC7B300B2DCC3 /* Project object */;
}
